// !$*UTF8*$!
{
	archiveVersion = 1;
	classes = {
	};
	objectVersion = 50;
	objects = {

/* Begin PBXBuildFile section */
		A582FAE722E47534006FEE56 /* main.m in Sources */ = {isa = PBXBuildFile; fileRef = A582FAE622E47534006FEE56 /* main.m */; };
		A582FAEF22E4756E006FEE56 /* FYPerson.m in Sources */ = {isa = PBXBuildFile; fileRef = A582FAEE22E4756E006FEE56 /* FYPerson.m */; };
		A582FAF222E47576006FEE56 /* FYStudent.m in Sources */ = {isa = PBXBuildFile; fileRef = A582FAF122E47576006FEE56 /* FYStudent.m */; };
/* End PBXBuildFile section */

/* Begin PBXCopyFilesBuildPhase section */
		A582FAE122E47534006FEE56 /* CopyFiles */ = {
			isa = PBXCopyFilesBuildPhase;
			buildActionMask = 2147483647;
			dstPath = /usr/share/man/man1/;
			dstSubfolderSpec = 0;
			files = (
			);
			runOnlyForDeploymentPostprocessing = 1;
		};
/* End PBXCopyFilesBuildPhase section */

/* Begin PBXFileReference section */
		A582FAE322E47534006FEE56 /* day13-super */ = {isa = PBXFileReference; explicitFileType = "compiled.mach-o.executable"; includeInIndex = 0; path = "day13-super"; sourceTree = BUILT_PRODUCTS_DIR; };
		A582FAE622E47534006FEE56 /* main.m */ = {isa = PBXFileReference; lastKnownFileType = sourcecode.c.objc; path = main.m; sourceTree = "<group>"; };
		A582FAED22E4756E006FEE56 /* FYPerson.h */ = {isa = PBXFileReference; lastKnownFileType = sourcecode.c.h; path = FYPerson.h; sourceTree = "<group>"; };
		A582FAEE22E4756E006FEE56 /* FYPerson.m */ = {isa = PBXFileReference; lastKnownFileType = sourcecode.c.objc; path = FYPerson.m; sourceTree = "<group>"; };
		A582FAF022E47576006FEE56 /* FYStudent.h */ = {isa = PBXFileReference; lastKnownFileType = sourcecode.c.h; path = FYStudent.h; sourceTree = "<group>"; };
		A582FAF122E47576006FEE56 /* FYStudent.m */ = {isa = PBXFileReference; lastKnownFileType = sourcecode.c.objc; path = FYStudent.m; sourceTree = "<group>"; };
/* End PBXFileReference section */

/* Begin PBXFrameworksBuildPhase section */
		A582FAE022E47534006FEE56 /* Frameworks */ = {
			isa = PBXFrameworksBuildPhase;
			buildActionMask = 2147483647;
			files = (
			);
			runOnlyForDeploymentPostprocessing = 0;
		};
/* End PBXFrameworksBuildPhase section */

/* Begin PBXGroup section */
		A582FADA22E47534006FEE56 = {
			isa = PBXGroup;
			children = (
				A582FAE522E47534006FEE56 /* day13-super */,
				A582FAE422E47534006FEE56 /* Products */,
			);
			sourceTree = "<group>";
		};
		A582FAE422E47534006FEE56 /* Products */ = {
			isa = PBXGroup;
			children = (
				A582FAE322E47534006FEE56 /* day13-super */,
			);
			name = Products;
			sourceTree = "<group>";
		};
		A582FAE522E47534006FEE56 /* day13-super */ = {
			isa = PBXGroup;
			children = (
				A582FAE622E47534006FEE56 /* main.m */,
				A582FAED22E4756E006FEE56 /* FYPerson.h */,
				A582FAEE22E4756E006FEE56 /* FYPerson.m */,
				A582FAF022E47576006FEE56 /* FYStudent.h */,
				A582FAF122E47576006FEE56 /* FYStudent.m */,
			);
			path = "day13-super";
			sourceTree = "<group>";
		};
/* End PBXGroup section */

/* Begin PBXNativeTarget section */
		A582FAE222E47534006FEE56 /* day13-super */ = {
			isa = PBXNativeTarget;
			buildConfigurationList = A582FAEA22E47534006FEE56 /* Build configuration list for PBXNativeTarget "day13-super" */;
			buildPhases = (
				A582FADF22E47534006FEE56 /* Sources */,
				A582FAE022E47534006FEE56 /* Frameworks */,
				A582FAE122E47534006FEE56 /* CopyFiles */,
			);
			buildRules = (
			);
			dependencies = (
			);
			name = "day13-super";
			productName = "day13-super";
			productReference = A582FAE322E47534006FEE56 /* day13-super */;
			productType = "com.apple.product-type.tool";
		};
/* End PBXNativeTarget section */

/* Begin PBXProject section */
		A582FADB22E47534006FEE56 /* Project object */ = {
			isa = PBXProject;
			attributes = {
				LastUpgradeCheck = 1020;
				ORGANIZATIONNAME = test;
				TargetAttributes = {
					A582FAE222E47534006FEE56 = {
						CreatedOnToolsVersion = 10.2.1;
					};
				};
			};
			buildConfigurationList = A582FADE22E47534006FEE56 /* Build configuration list for PBXProject "day13-super" */;
			compatibilityVersion = "Xcode 9.3";
			developmentRegion = en;
			hasScannedForEncodings = 0;
			knownRegions = (
				en,
			);
			mainGroup = A582FADA22E47534006FEE56;
			productRefGroup = A582FAE422E47534006FEE56 /* Products */;
			projectDirPath = "";
			projectRoot = "";
			targets = (
				A582FAE222E47534006FEE56 /* day13-super */,
			);
		};
/* End PBXProject section */

/* Begin PBXSourcesBuildPhase section */
		A582FADF22E47534006FEE56 /* Sources */ = {
			isa = PBXSourcesBuildPhase;
			buildActionMask = 2147483647;
			files = (
				A582FAE722E47534006FEE56 /* main.m in Sources */,
				A582FAEF22E4756E006FEE56 /* FYPerson.m in Sources */,
				A582FAF222E47576006FEE56 /* FYStudent.m in Sources */,
			);
			runOnlyForDeploymentPostprocessing = 0;
		};
/* End PBXSourcesBuildPhase section */

/* Begin XCBuildConfiguration section */
		A582FAE822E47534006FEE56 /* Debug */ = {
			isa = XCBuildConfiguration;
			buildSettings = {
				ALWAYS_SEARCH_USER_PATHS = NO;
				CLANG_ANALYZER_NONNULL = YES;
				CLANG_ANALYZER_NUMBER_OBJECT_CONVERSION = YES_AGGRESSIVE;
				CLANG_CXX_LANGUAGE_STANDARD = "gnu++14";
				CLANG_CXX_LIBRARY = "libc++";
				CLANG_ENABLE_MODULES = YES;
				CLANG_ENABLE_OBJC_ARC = YES;
				CLANG_ENABLE_OBJC_WEAK = YES;
				CLANG_WARN_BLOCK_CAPTURE_AUTORELEASING = YES;
				CLANG_WARN_BOOL_CONVERSION = YES;
				CLANG_WARN_COMMA = YES;
				CLANG_WARN_CONSTANT_CONVERSION = YES;
				CLANG_WARN_DEPRECATED_OBJC_IMPLEMENTATIONS = YES;
				CLANG_WARN_DIRECT_OBJC_ISA_USAGE = YES_ERROR;
				CLANG_WARN_DOCUMENTATION_COMMENTS = YES;
				CLANG_WARN_EMPTY_BODY = YES;
				CLANG_WARN_ENUM_CONVERSION = YES;
				CLANG_WARN_INFINITE_RECURSION = YES;
				CLANG_WARN_INT_CONVERSION = YES;
				CLANG_WARN_NON_LITERAL_NULL_CONVERSION = YES;
				CLANG_WARN_OBJC_IMPLICIT_RETAIN_SELF = YES;
				CLANG_WARN_OBJC_LITERAL_CONVERSION = YES;
				CLANG_WARN_OBJC_ROOT_CLASS = YES_ERROR;
				CLANG_WARN_RANGE_LOOP_ANALYSIS = YES;
				CLANG_WARN_STRICT_PROTOTYPES = YES;
				CLANG_WARN_SUSPICIOUS_MOVE = YES;
				CLANG_WARN_UNGUARDED_AVAILABILITY = YES_AGGRESSIVE;
				CLANG_WARN_UNREACHABLE_CODE = YES;
				CLANG_WARN__DUPLICATE_METHOD_MATCH = YES;
				CODE_SIGN_IDENTITY = "Mac Developer";
				COPY_PHASE_STRIP = NO;
				DEBUG_INFORMATION_FORMAT = dwarf;
				ENABLE_STRICT_OBJC_MSGSEND = YES;
				ENABLE_TESTABILITY = YES;
				GCC_C_LANGUAGE_STANDARD = gnu11;
				GCC_DYNAMIC_NO_PIC = NO;
				GCC_NO_COMMON_BLOCKS = YES;
				GCC_OPTIMIZATION_LEVEL = 0;
				GCC_PREPROCESSOR_DEFINITIONS = (
					"DEBUG=1",
					"$(inherited)",
				);
				GCC_WARN_64_TO_32_BIT_CONVERSION = YES;
				GCC_WARN_ABOUT_RETURN_TYPE = YES_ERROR;
				GCC_WARN_UNDECLARED_SELECTOR = YES;
				GCC_WARN_UNINITIALIZED_AUTOS = YES_AGGRESSIVE;
				GCC_WARN_UNUSED_FUNCTION = YES;
				GCC_WARN_UNUSED_VARIABLE = YES;
				MACOSX_DEPLOYMENT_TARGET = 10.14;
				MTL_ENABLE_DEBUG_INFO = INCLUDE_SOURCE;
				MTL_FAST_MATH = YES;
				ONLY_ACTIVE_ARCH = YES;
				SDKROOT = macosx;
			};
			name = Debug;
		};
		A582FAE922E47534006FEE56 /* Release */ = {
			isa = XCBuildConfiguration;
			buildSettings = {
				ALWAYS_SEARCH_USER_PATHS = NO;
				CLANG_ANALYZER_NONNULL = YES;
				CLANG_ANALYZER_NUMBER_OBJECT_CONVERSION = YES_AGGRESSIVE;
				CLANG_CXX_LANGUAGE_STANDARD = "gnu++14";
				CLANG_CXX_LIBRARY = "libc++";
				CLANG_ENABLE_MODULES = YES;
				CLANG_ENABLE_OBJC_ARC = YES;
				CLANG_ENABLE_OBJC_WEAK = YES;
				CLANG_WARN_BLOCK_CAPTURE_AUTORELEASING = YES;
				CLANG_WARN_BOOL_CONVERSION = YES;
				CLANG_WARN_COMMA = YES;
				CLANG_WARN_CONSTANT_CONVERSION = YES;
				CLANG_WARN_DEPRECATED_OBJC_IMPLEMENTATIONS = YES;
				CLANG_WARN_DIRECT_OBJC_ISA_USAGE = YES_ERROR;
				CLANG_WARN_DOCUMENTATION_COMMENTS = YES;
				CLANG_WARN_EMPTY_BODY = YES;
				CLANG_WARN_ENUM_CONVERSION = YES;
				CLANG_WARN_INFINITE_RECURSION = YES;
				CLANG_WARN_INT_CONVERSION = YES;
				CLANG_WARN_NON_LITERAL_NULL_CONVERSION = YES;
				CLANG_WARN_OBJC_IMPLICIT_RETAIN_SELF = YES;
				CLANG_WARN_OBJC_LITERAL_CONVERSION = YES;
				CLANG_WARN_OBJC_ROOT_CLASS = YES_ERROR;
				CLANG_WARN_RANGE_LOOP_ANALYSIS = YES;
				CLANG_WARN_STRICT_PROTOTYPES = YES;
				CLANG_WARN_SUSPICIOUS_MOVE = YES;
				CLANG_WARN_UNGUARDED_AVAILABILITY = YES_AGGRESSIVE;
				CLANG_WARN_UNREACHABLE_CODE = YES;
				CLANG_WARN__DUPLICATE_METHOD_MATCH = YES;
				CODE_SIGN_IDENTITY = "Mac Developer";
				COPY_PHASE_STRIP = NO;
				DEBUG_INFORMATION_FORMAT = "dwarf-with-dsym";
				ENABLE_NS_ASSERTIONS = NO;
				ENABLE_STRICT_OBJC_MSGSEND = YES;
				GCC_C_LANGUAGE_STANDARD = gnu11;
				GCC_NO_COMMON_BLOCKS = YES;
				GCC_WARN_64_TO_32_BIT_CONVERSION = YES;
				GCC_WARN_ABOUT_RETURN_TYPE = YES_ERROR;
				GCC_WARN_UNDECLARED_SELECTOR = YES;
				GCC_WARN_UNINITIALIZED_AUTOS = YES_AGGRESSIVE;
				GCC_WARN_UNUSED_FUNCTION = YES;
				GCC_WARN_UNUSED_VARIABLE = YES;
				MACOSX_DEPLOYMENT_TARGET = 10.14;
				MTL_ENABLE_DEBUG_INFO = NO;
				MTL_FAST_MATH = YES;
				SDKROOT = macosx;
			};
			name = Release;
		};
		A582FAEB22E47534006FEE56 /* Debug */ = {
			isa = XCBuildConfiguration;
			buildSettings = {
				CODE_SIGN_STYLE = Automatic;
				DEVELOPMENT_TEAM = PU5CP57746;
				PRODUCT_NAME = "$(TARGET_NAME)";
			};
			name = Debug;
		};
		A582FAEC22E47534006FEE56 /* Release */ = {
			isa = XCBuildConfiguration;
			buildSettings = {
				CODE_SIGN_STYLE = Automatic;
				DEVELOPMENT_TEAM = PU5CP57746;
				PRODUCT_NAME = "$(TARGET_NAME)";
			};
			name = Release;
		};
/* End XCBuildConfiguration section */

/* Begin XCConfigurationList section */
		A582FADE22E47534006FEE56 /* Build configuration list for PBXProject "day13-super" */ = {
			isa = XCConfigurationList;
			buildConfigurations = (
				A582FAE822E47534006FEE56 /* Debug */,
				A582FAE922E47534006FEE56 /* Release */,
			);
			defaultConfigurationIsVisible = 0;
			defaultConfigurationName = Release;
		};
		A582FAEA22E47534006FEE56 /* Build configuration list for PBXNativeTarget "day13-super" */ = {
			isa = XCConfigurationList;
			buildConfigurations = (
				A582FAEB22E47534006FEE56 /* Debug */,
				A582FAEC22E47534006FEE56 /* Release */,
			);
			defaultConfigurationIsVisible = 0;
			defaultConfigurationName = Release;
		};
/* End XCConfigurationList section */
	};
	rootObject = A582FADB22E47534006FEE56 /* Project object */;
}
