// !$*UTF8*$!
{
	archiveVersion = 1;
	classes = {
	};
	objectVersion = 50;
	objects = {

/* Begin PBXBuildFile section */
		A5309CA62306ECE70045378A /* AppDelegate.m in Sources */ = {isa = PBXBuildFile; fileRef = A5309CA52306ECE70045378A /* AppDelegate.m */; };
		A5309CA92306ECE70045378A /* ViewController.m in Sources */ = {isa = PBXBuildFile; fileRef = A5309CA82306ECE70045378A /* ViewController.m */; };
		A5309CAC2306ECE70045378A /* Main.storyboard in Resources */ = {isa = PBXBuildFile; fileRef = A5309CAA2306ECE70045378A /* Main.storyboard */; };
		A5309CAE2306ECE90045378A /* Assets.xcassets in Resources */ = {isa = PBXBuildFile; fileRef = A5309CAD2306ECE90045378A /* Assets.xcassets */; };
		A5309CB12306ECE90045378A /* LaunchScreen.storyboard in Resources */ = {isa = PBXBuildFile; fileRef = A5309CAF2306ECE90045378A /* LaunchScreen.storyboard */; };
		A5309CB42306ECE90045378A /* main.m in Sources */ = {isa = PBXBuildFile; fileRef = A5309CB32306ECE90045378A /* main.m */; };
		A5309CBC2306ED0B0045378A /* FYClass.m in Sources */ = {isa = PBXBuildFile; fileRef = A5309CBB2306ED0B0045378A /* FYClass.m */; };
/* End PBXBuildFile section */

/* Begin PBXFileReference section */
		A5309CA12306ECE70045378A /* 06适配器模式.app */ = {isa = PBXFileReference; explicitFileType = wrapper.application; includeInIndex = 0; path = "06适配器模式.app"; sourceTree = BUILT_PRODUCTS_DIR; };
		A5309CA42306ECE70045378A /* AppDelegate.h */ = {isa = PBXFileReference; lastKnownFileType = sourcecode.c.h; path = AppDelegate.h; sourceTree = "<group>"; };
		A5309CA52306ECE70045378A /* AppDelegate.m */ = {isa = PBXFileReference; lastKnownFileType = sourcecode.c.objc; path = AppDelegate.m; sourceTree = "<group>"; };
		A5309CA72306ECE70045378A /* ViewController.h */ = {isa = PBXFileReference; lastKnownFileType = sourcecode.c.h; path = ViewController.h; sourceTree = "<group>"; };
		A5309CA82306ECE70045378A /* ViewController.m */ = {isa = PBXFileReference; lastKnownFileType = sourcecode.c.objc; path = ViewController.m; sourceTree = "<group>"; };
		A5309CAB2306ECE70045378A /* Base */ = {isa = PBXFileReference; lastKnownFileType = file.storyboard; name = Base; path = Base.lproj/Main.storyboard; sourceTree = "<group>"; };
		A5309CAD2306ECE90045378A /* Assets.xcassets */ = {isa = PBXFileReference; lastKnownFileType = folder.assetcatalog; path = Assets.xcassets; sourceTree = "<group>"; };
		A5309CB02306ECE90045378A /* Base */ = {isa = PBXFileReference; lastKnownFileType = file.storyboard; name = Base; path = Base.lproj/LaunchScreen.storyboard; sourceTree = "<group>"; };
		A5309CB22306ECE90045378A /* Info.plist */ = {isa = PBXFileReference; lastKnownFileType = text.plist.xml; path = Info.plist; sourceTree = "<group>"; };
		A5309CB32306ECE90045378A /* main.m */ = {isa = PBXFileReference; lastKnownFileType = sourcecode.c.objc; path = main.m; sourceTree = "<group>"; };
		A5309CBA2306ED0B0045378A /* FYClass.h */ = {isa = PBXFileReference; lastKnownFileType = sourcecode.c.h; path = FYClass.h; sourceTree = "<group>"; };
		A5309CBB2306ED0B0045378A /* FYClass.m */ = {isa = PBXFileReference; lastKnownFileType = sourcecode.c.objc; path = FYClass.m; sourceTree = "<group>"; };
/* End PBXFileReference section */

/* Begin PBXFrameworksBuildPhase section */
		A5309C9E2306ECE70045378A /* Frameworks */ = {
			isa = PBXFrameworksBuildPhase;
			buildActionMask = 2147483647;
			files = (
			);
			runOnlyForDeploymentPostprocessing = 0;
		};
/* End PBXFrameworksBuildPhase section */

/* Begin PBXGroup section */
		A5309C982306ECE70045378A = {
			isa = PBXGroup;
			children = (
				A5309CA32306ECE70045378A /* 06适配器模式 */,
				A5309CA22306ECE70045378A /* Products */,
			);
			sourceTree = "<group>";
		};
		A5309CA22306ECE70045378A /* Products */ = {
			isa = PBXGroup;
			children = (
				A5309CA12306ECE70045378A /* 06适配器模式.app */,
			);
			name = Products;
			sourceTree = "<group>";
		};
		A5309CA32306ECE70045378A /* 06适配器模式 */ = {
			isa = PBXGroup;
			children = (
				A5309CA42306ECE70045378A /* AppDelegate.h */,
				A5309CA52306ECE70045378A /* AppDelegate.m */,
				A5309CA72306ECE70045378A /* ViewController.h */,
				A5309CA82306ECE70045378A /* ViewController.m */,
				A5309CBA2306ED0B0045378A /* FYClass.h */,
				A5309CBB2306ED0B0045378A /* FYClass.m */,
				A5309CAA2306ECE70045378A /* Main.storyboard */,
				A5309CAD2306ECE90045378A /* Assets.xcassets */,
				A5309CAF2306ECE90045378A /* LaunchScreen.storyboard */,
				A5309CB22306ECE90045378A /* Info.plist */,
				A5309CB32306ECE90045378A /* main.m */,
			);
			path = "06适配器模式";
			sourceTree = "<group>";
		};
/* End PBXGroup section */

/* Begin PBXNativeTarget section */
		A5309CA02306ECE70045378A /* 06适配器模式 */ = {
			isa = PBXNativeTarget;
			buildConfigurationList = A5309CB72306ECE90045378A /* Build configuration list for PBXNativeTarget "06适配器模式" */;
			buildPhases = (
				A5309C9D2306ECE70045378A /* Sources */,
				A5309C9E2306ECE70045378A /* Frameworks */,
				A5309C9F2306ECE70045378A /* Resources */,
			);
			buildRules = (
			);
			dependencies = (
			);
			name = "06适配器模式";
			productName = "06适配器模式";
			productReference = A5309CA12306ECE70045378A /* 06适配器模式.app */;
			productType = "com.apple.product-type.application";
		};
/* End PBXNativeTarget section */

/* Begin PBXProject section */
		A5309C992306ECE70045378A /* Project object */ = {
			isa = PBXProject;
			attributes = {
				LastUpgradeCheck = 1020;
				ORGANIZATIONNAME = test;
				TargetAttributes = {
					A5309CA02306ECE70045378A = {
						CreatedOnToolsVersion = 10.2.1;
					};
				};
			};
			buildConfigurationList = A5309C9C2306ECE70045378A /* Build configuration list for PBXProject "06适配器模式" */;
			compatibilityVersion = "Xcode 9.3";
			developmentRegion = en;
			hasScannedForEncodings = 0;
			knownRegions = (
				en,
				Base,
			);
			mainGroup = A5309C982306ECE70045378A;
			productRefGroup = A5309CA22306ECE70045378A /* Products */;
			projectDirPath = "";
			projectRoot = "";
			targets = (
				A5309CA02306ECE70045378A /* 06适配器模式 */,
			);
		};
/* End PBXProject section */

/* Begin PBXResourcesBuildPhase section */
		A5309C9F2306ECE70045378A /* Resources */ = {
			isa = PBXResourcesBuildPhase;
			buildActionMask = 2147483647;
			files = (
				A5309CB12306ECE90045378A /* LaunchScreen.storyboard in Resources */,
				A5309CAE2306ECE90045378A /* Assets.xcassets in Resources */,
				A5309CAC2306ECE70045378A /* Main.storyboard in Resources */,
			);
			runOnlyForDeploymentPostprocessing = 0;
		};
/* End PBXResourcesBuildPhase section */

/* Begin PBXSourcesBuildPhase section */
		A5309C9D2306ECE70045378A /* Sources */ = {
			isa = PBXSourcesBuildPhase;
			buildActionMask = 2147483647;
			files = (
				A5309CA92306ECE70045378A /* ViewController.m in Sources */,
				A5309CBC2306ED0B0045378A /* FYClass.m in Sources */,
				A5309CB42306ECE90045378A /* main.m in Sources */,
				A5309CA62306ECE70045378A /* AppDelegate.m in Sources */,
			);
			runOnlyForDeploymentPostprocessing = 0;
		};
/* End PBXSourcesBuildPhase section */

/* Begin PBXVariantGroup section */
		A5309CAA2306ECE70045378A /* Main.storyboard */ = {
			isa = PBXVariantGroup;
			children = (
				A5309CAB2306ECE70045378A /* Base */,
			);
			name = Main.storyboard;
			sourceTree = "<group>";
		};
		A5309CAF2306ECE90045378A /* LaunchScreen.storyboard */ = {
			isa = PBXVariantGroup;
			children = (
				A5309CB02306ECE90045378A /* Base */,
			);
			name = LaunchScreen.storyboard;
			sourceTree = "<group>";
		};
/* End PBXVariantGroup section */

/* Begin XCBuildConfiguration section */
		A5309CB52306ECE90045378A /* Debug */ = {
			isa = XCBuildConfiguration;
			buildSettings = {
				ALWAYS_SEARCH_USER_PATHS = NO;
				CLANG_ANALYZER_NONNULL = YES;
				CLANG_ANALYZER_NUMBER_OBJECT_CONVERSION = YES_AGGRESSIVE;
				CLANG_CXX_LANGUAGE_STANDARD = "gnu++14";
				CLANG_CXX_LIBRARY = "libc++";
				CLANG_ENABLE_MODULES = YES;
				CLANG_ENABLE_OBJC_ARC = YES;
				CLANG_ENABLE_OBJC_WEAK = YES;
				CLANG_WARN_BLOCK_CAPTURE_AUTORELEASING = YES;
				CLANG_WARN_BOOL_CONVERSION = YES;
				CLANG_WARN_COMMA = YES;
				CLANG_WARN_CONSTANT_CONVERSION = YES;
				CLANG_WARN_DEPRECATED_OBJC_IMPLEMENTATIONS = YES;
				CLANG_WARN_DIRECT_OBJC_ISA_USAGE = YES_ERROR;
				CLANG_WARN_DOCUMENTATION_COMMENTS = YES;
				CLANG_WARN_EMPTY_BODY = YES;
				CLANG_WARN_ENUM_CONVERSION = YES;
				CLANG_WARN_INFINITE_RECURSION = YES;
				CLANG_WARN_INT_CONVERSION = YES;
				CLANG_WARN_NON_LITERAL_NULL_CONVERSION = YES;
				CLANG_WARN_OBJC_IMPLICIT_RETAIN_SELF = YES;
				CLANG_WARN_OBJC_LITERAL_CONVERSION = YES;
				CLANG_WARN_OBJC_ROOT_CLASS = YES_ERROR;
				CLANG_WARN_RANGE_LOOP_ANALYSIS = YES;
				CLANG_WARN_STRICT_PROTOTYPES = YES;
				CLANG_WARN_SUSPICIOUS_MOVE = YES;
				CLANG_WARN_UNGUARDED_AVAILABILITY = YES_AGGRESSIVE;
				CLANG_WARN_UNREACHABLE_CODE = YES;
				CLANG_WARN__DUPLICATE_METHOD_MATCH = YES;
				CODE_SIGN_IDENTITY = "iPhone Developer";
				COPY_PHASE_STRIP = NO;
				DEBUG_INFORMATION_FORMAT = dwarf;
				ENABLE_STRICT_OBJC_MSGSEND = YES;
				ENABLE_TESTABILITY = YES;
				GCC_C_LANGUAGE_STANDARD = gnu11;
				GCC_DYNAMIC_NO_PIC = NO;
				GCC_NO_COMMON_BLOCKS = YES;
				GCC_OPTIMIZATION_LEVEL = 0;
				GCC_PREPROCESSOR_DEFINITIONS = (
					"DEBUG=1",
					"$(inherited)",
				);
				GCC_WARN_64_TO_32_BIT_CONVERSION = YES;
				GCC_WARN_ABOUT_RETURN_TYPE = YES_ERROR;
				GCC_WARN_UNDECLARED_SELECTOR = YES;
				GCC_WARN_UNINITIALIZED_AUTOS = YES_AGGRESSIVE;
				GCC_WARN_UNUSED_FUNCTION = YES;
				GCC_WARN_UNUSED_VARIABLE = YES;
				IPHONEOS_DEPLOYMENT_TARGET = 12.2;
				MTL_ENABLE_DEBUG_INFO = INCLUDE_SOURCE;
				MTL_FAST_MATH = YES;
				ONLY_ACTIVE_ARCH = YES;
				SDKROOT = iphoneos;
			};
			name = Debug;
		};
		A5309CB62306ECE90045378A /* Release */ = {
			isa = XCBuildConfiguration;
			buildSettings = {
				ALWAYS_SEARCH_USER_PATHS = NO;
				CLANG_ANALYZER_NONNULL = YES;
				CLANG_ANALYZER_NUMBER_OBJECT_CONVERSION = YES_AGGRESSIVE;
				CLANG_CXX_LANGUAGE_STANDARD = "gnu++14";
				CLANG_CXX_LIBRARY = "libc++";
				CLANG_ENABLE_MODULES = YES;
				CLANG_ENABLE_OBJC_ARC = YES;
				CLANG_ENABLE_OBJC_WEAK = YES;
				CLANG_WARN_BLOCK_CAPTURE_AUTORELEASING = YES;
				CLANG_WARN_BOOL_CONVERSION = YES;
				CLANG_WARN_COMMA = YES;
				CLANG_WARN_CONSTANT_CONVERSION = YES;
				CLANG_WARN_DEPRECATED_OBJC_IMPLEMENTATIONS = YES;
				CLANG_WARN_DIRECT_OBJC_ISA_USAGE = YES_ERROR;
				CLANG_WARN_DOCUMENTATION_COMMENTS = YES;
				CLANG_WARN_EMPTY_BODY = YES;
				CLANG_WARN_ENUM_CONVERSION = YES;
				CLANG_WARN_INFINITE_RECURSION = YES;
				CLANG_WARN_INT_CONVERSION = YES;
				CLANG_WARN_NON_LITERAL_NULL_CONVERSION = YES;
				CLANG_WARN_OBJC_IMPLICIT_RETAIN_SELF = YES;
				CLANG_WARN_OBJC_LITERAL_CONVERSION = YES;
				CLANG_WARN_OBJC_ROOT_CLASS = YES_ERROR;
				CLANG_WARN_RANGE_LOOP_ANALYSIS = YES;
				CLANG_WARN_STRICT_PROTOTYPES = YES;
				CLANG_WARN_SUSPICIOUS_MOVE = YES;
				CLANG_WARN_UNGUARDED_AVAILABILITY = YES_AGGRESSIVE;
				CLANG_WARN_UNREACHABLE_CODE = YES;
				CLANG_WARN__DUPLICATE_METHOD_MATCH = YES;
				CODE_SIGN_IDENTITY = "iPhone Developer";
				COPY_PHASE_STRIP = NO;
				DEBUG_INFORMATION_FORMAT = "dwarf-with-dsym";
				ENABLE_NS_ASSERTIONS = NO;
				ENABLE_STRICT_OBJC_MSGSEND = YES;
				GCC_C_LANGUAGE_STANDARD = gnu11;
				GCC_NO_COMMON_BLOCKS = YES;
				GCC_WARN_64_TO_32_BIT_CONVERSION = YES;
				GCC_WARN_ABOUT_RETURN_TYPE = YES_ERROR;
				GCC_WARN_UNDECLARED_SELECTOR = YES;
				GCC_WARN_UNINITIALIZED_AUTOS = YES_AGGRESSIVE;
				GCC_WARN_UNUSED_FUNCTION = YES;
				GCC_WARN_UNUSED_VARIABLE = YES;
				IPHONEOS_DEPLOYMENT_TARGET = 12.2;
				MTL_ENABLE_DEBUG_INFO = NO;
				MTL_FAST_MATH = YES;
				SDKROOT = iphoneos;
				VALIDATE_PRODUCT = YES;
			};
			name = Release;
		};
		A5309CB82306ECE90045378A /* Debug */ = {
			isa = XCBuildConfiguration;
			buildSettings = {
				ASSETCATALOG_COMPILER_APPICON_NAME = AppIcon;
				CODE_SIGN_STYLE = Automatic;
				DEVELOPMENT_TEAM = PU5CP57746;
				INFOPLIST_FILE = "06适配器模式/Info.plist";
				LD_RUNPATH_SEARCH_PATHS = (
					"$(inherited)",
					"@executable_path/Frameworks",
				);
				PRODUCT_BUNDLE_IDENTIFIER = "fgy.-6-----";
				PRODUCT_NAME = "$(TARGET_NAME)";
				TARGETED_DEVICE_FAMILY = "1,2";
			};
			name = Debug;
		};
		A5309CB92306ECE90045378A /* Release */ = {
			isa = XCBuildConfiguration;
			buildSettings = {
				ASSETCATALOG_COMPILER_APPICON_NAME = AppIcon;
				CODE_SIGN_STYLE = Automatic;
				DEVELOPMENT_TEAM = PU5CP57746;
				INFOPLIST_FILE = "06适配器模式/Info.plist";
				LD_RUNPATH_SEARCH_PATHS = (
					"$(inherited)",
					"@executable_path/Frameworks",
				);
				PRODUCT_BUNDLE_IDENTIFIER = "fgy.-6-----";
				PRODUCT_NAME = "$(TARGET_NAME)";
				TARGETED_DEVICE_FAMILY = "1,2";
			};
			name = Release;
		};
/* End XCBuildConfiguration section */

/* Begin XCConfigurationList section */
		A5309C9C2306ECE70045378A /* Build configuration list for PBXProject "06适配器模式" */ = {
			isa = XCConfigurationList;
			buildConfigurations = (
				A5309CB52306ECE90045378A /* Debug */,
				A5309CB62306ECE90045378A /* Release */,
			);
			defaultConfigurationIsVisible = 0;
			defaultConfigurationName = Release;
		};
		A5309CB72306ECE90045378A /* Build configuration list for PBXNativeTarget "06适配器模式" */ = {
			isa = XCConfigurationList;
			buildConfigurations = (
				A5309CB82306ECE90045378A /* Debug */,
				A5309CB92306ECE90045378A /* Release */,
			);
			defaultConfigurationIsVisible = 0;
			defaultConfigurationName = Release;
		};
/* End XCConfigurationList section */
	};
	rootObject = A5309C992306ECE70045378A /* Project object */;
}
