// !$*UTF8*$!
{
	archiveVersion = 1;
	classes = {
	};
	objectVersion = 50;
	objects = {

/* Begin PBXBuildFile section */
		A5C9CF8E2265FDA600264A0D /* AppDelegate.m in Sources */ = {isa = PBXBuildFile; fileRef = A5C9CF8D2265FDA600264A0D /* AppDelegate.m */; };
		A5C9CF912265FDA600264A0D /* ViewController.m in Sources */ = {isa = PBXBuildFile; fileRef = A5C9CF902265FDA600264A0D /* ViewController.m */; };
		A5C9CF942265FDA600264A0D /* Main.storyboard in Resources */ = {isa = PBXBuildFile; fileRef = A5C9CF922265FDA600264A0D /* Main.storyboard */; };
		A5C9CF962265FDA900264A0D /* Assets.xcassets in Resources */ = {isa = PBXBuildFile; fileRef = A5C9CF952265FDA900264A0D /* Assets.xcassets */; };
		A5C9CF992265FDA900264A0D /* LaunchScreen.storyboard in Resources */ = {isa = PBXBuildFile; fileRef = A5C9CF972265FDA900264A0D /* LaunchScreen.storyboard */; };
		A5C9CF9C2265FDA900264A0D /* main.m in Sources */ = {isa = PBXBuildFile; fileRef = A5C9CF9B2265FDA900264A0D /* main.m */; };
		A5C9CFA62265FDAA00264A0D /* SimpleUnitTestsTests.m in Sources */ = {isa = PBXBuildFile; fileRef = A5C9CFA52265FDAA00264A0D /* SimpleUnitTestsTests.m */; };
		A5C9CFB12265FDAA00264A0D /* SimpleUnitTestsUITests.m in Sources */ = {isa = PBXBuildFile; fileRef = A5C9CFB02265FDAA00264A0D /* SimpleUnitTestsUITests.m */; };
		A5C9CFC02266022A00264A0D /* Person.m in Sources */ = {isa = PBXBuildFile; fileRef = A5C9CFBF2266022A00264A0D /* Person.m */; };
		A5C9CFC22266023E00264A0D /* PersonTests.m in Sources */ = {isa = PBXBuildFile; fileRef = A5C9CFC12266023E00264A0D /* PersonTests.m */; };
		EE531382228137D8002F5E03 /* Person+add.m in Sources */ = {isa = PBXBuildFile; fileRef = EE531381228137D8002F5E03 /* Person+add.m */; };
		EE531406228141F3002F5E03 /* frame.framework in Frameworks */ = {isa = PBXBuildFile; fileRef = EE5313FF228141F2002F5E03 /* frame.framework */; };
		EE531407228141F3002F5E03 /* frame.framework in Embed Frameworks */ = {isa = PBXBuildFile; fileRef = EE5313FF228141F2002F5E03 /* frame.framework */; settings = {ATTRIBUTES = (CodeSignOnCopy, RemoveHeadersOnCopy, ); }; };
		EE53140C22814277002F5E03 /* Person.h in Headers */ = {isa = PBXBuildFile; fileRef = A5C9CFBE2266022A00264A0D /* Person.h */; settings = {ATTRIBUTES = (Public, ); }; };
		EE53140F2281431F002F5E03 /* Person.m in Headers */ = {isa = PBXBuildFile; fileRef = A5C9CFBF2266022A00264A0D /* Person.m */; };
/* End PBXBuildFile section */

/* Begin PBXContainerItemProxy section */
		A5C9CFA22265FDAA00264A0D /* PBXContainerItemProxy */ = {
			isa = PBXContainerItemProxy;
			containerPortal = A5C9CF812265FDA600264A0D /* Project object */;
			proxyType = 1;
			remoteGlobalIDString = A5C9CF882265FDA600264A0D;
			remoteInfo = SimpleUnitTests;
		};
		A5C9CFAD2265FDAA00264A0D /* PBXContainerItemProxy */ = {
			isa = PBXContainerItemProxy;
			containerPortal = A5C9CF812265FDA600264A0D /* Project object */;
			proxyType = 1;
			remoteGlobalIDString = A5C9CF882265FDA600264A0D;
			remoteInfo = SimpleUnitTests;
		};
		EE531404228141F3002F5E03 /* PBXContainerItemProxy */ = {
			isa = PBXContainerItemProxy;
			containerPortal = A5C9CF812265FDA600264A0D /* Project object */;
			proxyType = 1;
			remoteGlobalIDString = EE5313FE228141F2002F5E03;
			remoteInfo = frame;
		};
/* End PBXContainerItemProxy section */

/* Begin PBXCopyFilesBuildPhase section */
		EE53140B228141F3002F5E03 /* Embed Frameworks */ = {
			isa = PBXCopyFilesBuildPhase;
			buildActionMask = 2147483647;
			dstPath = "";
			dstSubfolderSpec = 10;
			files = (
				EE531407228141F3002F5E03 /* frame.framework in Embed Frameworks */,
			);
			name = "Embed Frameworks";
			runOnlyForDeploymentPostprocessing = 0;
		};
/* End PBXCopyFilesBuildPhase section */

/* Begin PBXFileReference section */
		A5C9CF892265FDA600264A0D /* SimpleUnitTests.app */ = {isa = PBXFileReference; explicitFileType = wrapper.application; includeInIndex = 0; path = SimpleUnitTests.app; sourceTree = BUILT_PRODUCTS_DIR; };
		A5C9CF8C2265FDA600264A0D /* AppDelegate.h */ = {isa = PBXFileReference; lastKnownFileType = sourcecode.c.h; path = AppDelegate.h; sourceTree = "<group>"; };
		A5C9CF8D2265FDA600264A0D /* AppDelegate.m */ = {isa = PBXFileReference; lastKnownFileType = sourcecode.c.objc; path = AppDelegate.m; sourceTree = "<group>"; };
		A5C9CF8F2265FDA600264A0D /* ViewController.h */ = {isa = PBXFileReference; lastKnownFileType = sourcecode.c.h; path = ViewController.h; sourceTree = "<group>"; };
		A5C9CF902265FDA600264A0D /* ViewController.m */ = {isa = PBXFileReference; lastKnownFileType = sourcecode.c.objc; path = ViewController.m; sourceTree = "<group>"; };
		A5C9CF932265FDA600264A0D /* Base */ = {isa = PBXFileReference; lastKnownFileType = file.storyboard; name = Base; path = Base.lproj/Main.storyboard; sourceTree = "<group>"; };
		A5C9CF952265FDA900264A0D /* Assets.xcassets */ = {isa = PBXFileReference; lastKnownFileType = folder.assetcatalog; path = Assets.xcassets; sourceTree = "<group>"; };
		A5C9CF982265FDA900264A0D /* Base */ = {isa = PBXFileReference; lastKnownFileType = file.storyboard; name = Base; path = Base.lproj/LaunchScreen.storyboard; sourceTree = "<group>"; };
		A5C9CF9A2265FDA900264A0D /* Info.plist */ = {isa = PBXFileReference; lastKnownFileType = text.plist.xml; path = Info.plist; sourceTree = "<group>"; };
		A5C9CF9B2265FDA900264A0D /* main.m */ = {isa = PBXFileReference; lastKnownFileType = sourcecode.c.objc; path = main.m; sourceTree = "<group>"; };
		A5C9CFA12265FDAA00264A0D /* SimpleUnitTestsTests.xctest */ = {isa = PBXFileReference; explicitFileType = wrapper.cfbundle; includeInIndex = 0; path = SimpleUnitTestsTests.xctest; sourceTree = BUILT_PRODUCTS_DIR; };
		A5C9CFA52265FDAA00264A0D /* SimpleUnitTestsTests.m */ = {isa = PBXFileReference; lastKnownFileType = sourcecode.c.objc; path = SimpleUnitTestsTests.m; sourceTree = "<group>"; };
		A5C9CFA72265FDAA00264A0D /* Info.plist */ = {isa = PBXFileReference; lastKnownFileType = text.plist.xml; path = Info.plist; sourceTree = "<group>"; };
		A5C9CFAC2265FDAA00264A0D /* SimpleUnitTestsUITests.xctest */ = {isa = PBXFileReference; explicitFileType = wrapper.cfbundle; includeInIndex = 0; path = SimpleUnitTestsUITests.xctest; sourceTree = BUILT_PRODUCTS_DIR; };
		A5C9CFB02265FDAA00264A0D /* SimpleUnitTestsUITests.m */ = {isa = PBXFileReference; lastKnownFileType = sourcecode.c.objc; path = SimpleUnitTestsUITests.m; sourceTree = "<group>"; };
		A5C9CFB22265FDAA00264A0D /* Info.plist */ = {isa = PBXFileReference; lastKnownFileType = text.plist.xml; path = Info.plist; sourceTree = "<group>"; };
		A5C9CFBE2266022A00264A0D /* Person.h */ = {isa = PBXFileReference; lastKnownFileType = sourcecode.c.h; path = Person.h; sourceTree = "<group>"; };
		A5C9CFBF2266022A00264A0D /* Person.m */ = {isa = PBXFileReference; lastKnownFileType = sourcecode.c.objc; path = Person.m; sourceTree = "<group>"; };
		A5C9CFC12266023E00264A0D /* PersonTests.m */ = {isa = PBXFileReference; lastKnownFileType = sourcecode.c.objc; path = PersonTests.m; sourceTree = "<group>"; };
		EE531380228137D8002F5E03 /* Person+add.h */ = {isa = PBXFileReference; lastKnownFileType = sourcecode.c.h; path = "Person+add.h"; sourceTree = "<group>"; };
		EE531381228137D8002F5E03 /* Person+add.m */ = {isa = PBXFileReference; lastKnownFileType = sourcecode.c.objc; path = "Person+add.m"; sourceTree = "<group>"; };
		EE5313FF228141F2002F5E03 /* frame.framework */ = {isa = PBXFileReference; explicitFileType = wrapper.framework; includeInIndex = 0; path = frame.framework; sourceTree = BUILT_PRODUCTS_DIR; };
		EE531401228141F3002F5E03 /* frame.h */ = {isa = PBXFileReference; lastKnownFileType = sourcecode.c.h; path = frame.h; sourceTree = "<group>"; };
		EE531402228141F3002F5E03 /* Info.plist */ = {isa = PBXFileReference; lastKnownFileType = text.plist.xml; path = Info.plist; sourceTree = "<group>"; };
/* End PBXFileReference section */

/* Begin PBXFrameworksBuildPhase section */
		A5C9CF862265FDA600264A0D /* Frameworks */ = {
			isa = PBXFrameworksBuildPhase;
			buildActionMask = 2147483647;
			files = (
				EE531406228141F3002F5E03 /* frame.framework in Frameworks */,
			);
			runOnlyForDeploymentPostprocessing = 0;
		};
		A5C9CF9E2265FDAA00264A0D /* Frameworks */ = {
			isa = PBXFrameworksBuildPhase;
			buildActionMask = 2147483647;
			files = (
			);
			runOnlyForDeploymentPostprocessing = 0;
		};
		A5C9CFA92265FDAA00264A0D /* Frameworks */ = {
			isa = PBXFrameworksBuildPhase;
			buildActionMask = 2147483647;
			files = (
			);
			runOnlyForDeploymentPostprocessing = 0;
		};
		EE5313FC228141F2002F5E03 /* Frameworks */ = {
			isa = PBXFrameworksBuildPhase;
			buildActionMask = 2147483647;
			files = (
			);
			runOnlyForDeploymentPostprocessing = 0;
		};
/* End PBXFrameworksBuildPhase section */

/* Begin PBXGroup section */
		A5C9CF802265FDA600264A0D = {
			isa = PBXGroup;
			children = (
				A5C9CF8B2265FDA600264A0D /* SimpleUnitTests */,
				A5C9CFA42265FDAA00264A0D /* SimpleUnitTestsTests */,
				A5C9CFAF2265FDAA00264A0D /* SimpleUnitTestsUITests */,
				EE531400228141F3002F5E03 /* frame */,
				A5C9CF8A2265FDA600264A0D /* Products */,
			);
			sourceTree = "<group>";
		};
		A5C9CF8A2265FDA600264A0D /* Products */ = {
			isa = PBXGroup;
			children = (
				A5C9CF892265FDA600264A0D /* SimpleUnitTests.app */,
				A5C9CFA12265FDAA00264A0D /* SimpleUnitTestsTests.xctest */,
				A5C9CFAC2265FDAA00264A0D /* SimpleUnitTestsUITests.xctest */,
				EE5313FF228141F2002F5E03 /* frame.framework */,
			);
			name = Products;
			sourceTree = "<group>";
		};
		A5C9CF8B2265FDA600264A0D /* SimpleUnitTests */ = {
			isa = PBXGroup;
			children = (
				A5C9CF8C2265FDA600264A0D /* AppDelegate.h */,
				A5C9CF8D2265FDA600264A0D /* AppDelegate.m */,
				A5C9CF8F2265FDA600264A0D /* ViewController.h */,
				A5C9CF902265FDA600264A0D /* ViewController.m */,
				A5C9CFBE2266022A00264A0D /* Person.h */,
				A5C9CFBF2266022A00264A0D /* Person.m */,
				EE531380228137D8002F5E03 /* Person+add.h */,
				EE531381228137D8002F5E03 /* Person+add.m */,
				A5C9CF922265FDA600264A0D /* Main.storyboard */,
				A5C9CF952265FDA900264A0D /* Assets.xcassets */,
				A5C9CF972265FDA900264A0D /* LaunchScreen.storyboard */,
				A5C9CF9A2265FDA900264A0D /* Info.plist */,
				A5C9CF9B2265FDA900264A0D /* main.m */,
			);
			path = SimpleUnitTests;
			sourceTree = "<group>";
		};
		A5C9CFA42265FDAA00264A0D /* SimpleUnitTestsTests */ = {
			isa = PBXGroup;
			children = (
				A5C9CFA52265FDAA00264A0D /* SimpleUnitTestsTests.m */,
				A5C9CFC12266023E00264A0D /* PersonTests.m */,
				A5C9CFA72265FDAA00264A0D /* Info.plist */,
			);
			path = SimpleUnitTestsTests;
			sourceTree = "<group>";
		};
		A5C9CFAF2265FDAA00264A0D /* SimpleUnitTestsUITests */ = {
			isa = PBXGroup;
			children = (
				A5C9CFB02265FDAA00264A0D /* SimpleUnitTestsUITests.m */,
				A5C9CFB22265FDAA00264A0D /* Info.plist */,
			);
			path = SimpleUnitTestsUITests;
			sourceTree = "<group>";
		};
		EE531400228141F3002F5E03 /* frame */ = {
			isa = PBXGroup;
			children = (
				EE531401228141F3002F5E03 /* frame.h */,
				EE531402228141F3002F5E03 /* Info.plist */,
			);
			path = frame;
			sourceTree = "<group>";
		};
/* End PBXGroup section */

/* Begin PBXHeadersBuildPhase section */
		EE5313FA228141F2002F5E03 /* Headers */ = {
			isa = PBXHeadersBuildPhase;
			buildActionMask = 2147483647;
			files = (
				EE53140C22814277002F5E03 /* Person.h in Headers */,
				EE53140F2281431F002F5E03 /* Person.m in Headers */,
			);
			runOnlyForDeploymentPostprocessing = 0;
		};
/* End PBXHeadersBuildPhase section */

/* Begin PBXNativeTarget section */
		A5C9CF882265FDA600264A0D /* SimpleUnitTests */ = {
			isa = PBXNativeTarget;
			buildConfigurationList = A5C9CFB52265FDAA00264A0D /* Build configuration list for PBXNativeTarget "SimpleUnitTests" */;
			buildPhases = (
				A5C9CF852265FDA600264A0D /* Sources */,
				A5C9CF862265FDA600264A0D /* Frameworks */,
				A5C9CF872265FDA600264A0D /* Resources */,
				EE53140B228141F3002F5E03 /* Embed Frameworks */,
			);
			buildRules = (
			);
			dependencies = (
				EE531405228141F3002F5E03 /* PBXTargetDependency */,
			);
			name = SimpleUnitTests;
			productName = SimpleUnitTests;
			productReference = A5C9CF892265FDA600264A0D /* SimpleUnitTests.app */;
			productType = "com.apple.product-type.application";
		};
		A5C9CFA02265FDAA00264A0D /* SimpleUnitTestsTests */ = {
			isa = PBXNativeTarget;
			buildConfigurationList = A5C9CFB82265FDAA00264A0D /* Build configuration list for PBXNativeTarget "SimpleUnitTestsTests" */;
			buildPhases = (
				A5C9CF9D2265FDAA00264A0D /* Sources */,
				A5C9CF9E2265FDAA00264A0D /* Frameworks */,
				A5C9CF9F2265FDAA00264A0D /* Resources */,
			);
			buildRules = (
			);
			dependencies = (
				A5C9CFA32265FDAA00264A0D /* PBXTargetDependency */,
			);
			name = SimpleUnitTestsTests;
			productName = SimpleUnitTestsTests;
			productReference = A5C9CFA12265FDAA00264A0D /* SimpleUnitTestsTests.xctest */;
			productType = "com.apple.product-type.bundle.unit-test";
		};
		A5C9CFAB2265FDAA00264A0D /* SimpleUnitTestsUITests */ = {
			isa = PBXNativeTarget;
			buildConfigurationList = A5C9CFBB2265FDAA00264A0D /* Build configuration list for PBXNativeTarget "SimpleUnitTestsUITests" */;
			buildPhases = (
				A5C9CFA82265FDAA00264A0D /* Sources */,
				A5C9CFA92265FDAA00264A0D /* Frameworks */,
				A5C9CFAA2265FDAA00264A0D /* Resources */,
			);
			buildRules = (
			);
			dependencies = (
				A5C9CFAE2265FDAA00264A0D /* PBXTargetDependency */,
			);
			name = SimpleUnitTestsUITests;
			productName = SimpleUnitTestsUITests;
			productReference = A5C9CFAC2265FDAA00264A0D /* SimpleUnitTestsUITests.xctest */;
			productType = "com.apple.product-type.bundle.ui-testing";
		};
		EE5313FE228141F2002F5E03 /* frame */ = {
			isa = PBXNativeTarget;
			buildConfigurationList = EE531408228141F3002F5E03 /* Build configuration list for PBXNativeTarget "frame" */;
			buildPhases = (
				EE5313FA228141F2002F5E03 /* Headers */,
				EE5313FB228141F2002F5E03 /* Sources */,
				EE5313FC228141F2002F5E03 /* Frameworks */,
				EE5313FD228141F2002F5E03 /* Resources */,
				EE53141822814FC9002F5E03 /* ShellScript */,
			);
			buildRules = (
			);
			dependencies = (
			);
			name = frame;
			productName = frame;
			productReference = EE5313FF228141F2002F5E03 /* frame.framework */;
			productType = "com.apple.product-type.framework";
		};
/* End PBXNativeTarget section */

/* Begin PBXProject section */
		A5C9CF812265FDA600264A0D /* Project object */ = {
			isa = PBXProject;
			attributes = {
				LastUpgradeCheck = 1010;
				ORGANIZATIONNAME = test;
				TargetAttributes = {
					A5C9CF882265FDA600264A0D = {
						CreatedOnToolsVersion = 10.1;
					};
					A5C9CFA02265FDAA00264A0D = {
						CreatedOnToolsVersion = 10.1;
						TestTargetID = A5C9CF882265FDA600264A0D;
					};
					A5C9CFAB2265FDAA00264A0D = {
						CreatedOnToolsVersion = 10.1;
						TestTargetID = A5C9CF882265FDA600264A0D;
					};
					EE5313FE228141F2002F5E03 = {
						CreatedOnToolsVersion = 10.2.1;
					};
				};
			};
			buildConfigurationList = A5C9CF842265FDA600264A0D /* Build configuration list for PBXProject "SimpleUnitTests" */;
			compatibilityVersion = "Xcode 9.3";
			developmentRegion = en;
			hasScannedForEncodings = 0;
			knownRegions = (
				en,
				Base,
			);
			mainGroup = A5C9CF802265FDA600264A0D;
			productRefGroup = A5C9CF8A2265FDA600264A0D /* Products */;
			projectDirPath = "";
			projectRoot = "";
			targets = (
				A5C9CF882265FDA600264A0D /* SimpleUnitTests */,
				A5C9CFA02265FDAA00264A0D /* SimpleUnitTestsTests */,
				A5C9CFAB2265FDAA00264A0D /* SimpleUnitTestsUITests */,
				EE5313FE228141F2002F5E03 /* frame */,
			);
		};
/* End PBXProject section */

/* Begin PBXResourcesBuildPhase section */
		A5C9CF872265FDA600264A0D /* Resources */ = {
			isa = PBXResourcesBuildPhase;
			buildActionMask = 2147483647;
			files = (
				A5C9CF992265FDA900264A0D /* LaunchScreen.storyboard in Resources */,
				A5C9CF962265FDA900264A0D /* Assets.xcassets in Resources */,
				A5C9CF942265FDA600264A0D /* Main.storyboard in Resources */,
			);
			runOnlyForDeploymentPostprocessing = 0;
		};
		A5C9CF9F2265FDAA00264A0D /* Resources */ = {
			isa = PBXResourcesBuildPhase;
			buildActionMask = 2147483647;
			files = (
			);
			runOnlyForDeploymentPostprocessing = 0;
		};
		A5C9CFAA2265FDAA00264A0D /* Resources */ = {
			isa = PBXResourcesBuildPhase;
			buildActionMask = 2147483647;
			files = (
			);
			runOnlyForDeploymentPostprocessing = 0;
		};
		EE5313FD228141F2002F5E03 /* Resources */ = {
			isa = PBXResourcesBuildPhase;
			buildActionMask = 2147483647;
			files = (
			);
			runOnlyForDeploymentPostprocessing = 0;
		};
/* End PBXResourcesBuildPhase section */

/* Begin PBXShellScriptBuildPhase section */
		EE53141822814FC9002F5E03 /* ShellScript */ = {
			isa = PBXShellScriptBuildPhase;
			buildActionMask = 2147483647;
			files = (
			);
			inputFileListPaths = (
			);
			inputPaths = (
			);
			outputFileListPaths = (
			);
			outputPaths = (
			);
			runOnlyForDeploymentPostprocessing = 0;
			shellPath = /bin/sh;
			shellScript = "\n# Sets the target folders and the final framework product.\n# 如果工程名称和Framework的Target名称不一样的话，要自定义FMKNAME\n# 例如: FMK_NAME = \"MyFramework\"\nFMK_NAME=${PROJECT_NAME}\n# Install dir will be the final output to the framework.\n# The following line create it in the root folder of the current project.\nINSTALL_DIR=${SRCROOT}/Products/${FMK_NAME}.framework\n# Working dir will be deleted after the framework creation.\nWRK_DIR=build\nDEVICE_DIR=${WRK_DIR}/Release-iphoneos/${FMK_NAME}.framework\nSIMULATOR_DIR=${WRK_DIR}/Release-iphonesimulator/${FMK_NAME}.framework\n# -configuration ${CONFIGURATION}\n# Clean and Building both architectures.\nxcodebuild -configuration \"Release\" -target \"${FMK_NAME}\" -sdk iphoneos clean build\nxcodebuild -configuration \"Release\" -target \"${FMK_NAME}\" -sdk iphonesimulator clean build\n# Cleaning the oldest.\nif [ -d \"${INSTALL_DIR}\" ]\nthen\nrm -rf \"${INSTALL_DIR}\"\nfi\nmkdir -p \"${INSTALL_DIR}\"\ncp -R \"${DEVICE_DIR}/\" \"${INSTALL_DIR}/\"\n# Uses the Lipo Tool to merge both binary files (i386 + armv6/armv7) into one Universal final product.\nlipo -create \"${DEVICE_DIR}/${FMK_NAME}\" \"${SIMULATOR_DIR}/${FMK_NAME}\" -output \"${INSTALL_DIR}/${FMK_NAME}\"\nrm -r \"${WRK_DIR}\"\nopen \"${INSTALL_DIR}\"\n";
		};
/* End PBXShellScriptBuildPhase section */

/* Begin PBXSourcesBuildPhase section */
		A5C9CF852265FDA600264A0D /* Sources */ = {
			isa = PBXSourcesBuildPhase;
			buildActionMask = 2147483647;
			files = (
				A5C9CF912265FDA600264A0D /* ViewController.m in Sources */,
				A5C9CF9C2265FDA900264A0D /* main.m in Sources */,
				A5C9CFC02266022A00264A0D /* Person.m in Sources */,
				EE531382228137D8002F5E03 /* Person+add.m in Sources */,
				A5C9CF8E2265FDA600264A0D /* AppDelegate.m in Sources */,
			);
			runOnlyForDeploymentPostprocessing = 0;
		};
		A5C9CF9D2265FDAA00264A0D /* Sources */ = {
			isa = PBXSourcesBuildPhase;
			buildActionMask = 2147483647;
			files = (
				A5C9CFC22266023E00264A0D /* PersonTests.m in Sources */,
				A5C9CFA62265FDAA00264A0D /* SimpleUnitTestsTests.m in Sources */,
			);
			runOnlyForDeploymentPostprocessing = 0;
		};
		A5C9CFA82265FDAA00264A0D /* Sources */ = {
			isa = PBXSourcesBuildPhase;
			buildActionMask = 2147483647;
			files = (
				A5C9CFB12265FDAA00264A0D /* SimpleUnitTestsUITests.m in Sources */,
			);
			runOnlyForDeploymentPostprocessing = 0;
		};
		EE5313FB228141F2002F5E03 /* Sources */ = {
			isa = PBXSourcesBuildPhase;
			buildActionMask = 2147483647;
			files = (
			);
			runOnlyForDeploymentPostprocessing = 0;
		};
/* End PBXSourcesBuildPhase section */

/* Begin PBXTargetDependency section */
		A5C9CFA32265FDAA00264A0D /* PBXTargetDependency */ = {
			isa = PBXTargetDependency;
			target = A5C9CF882265FDA600264A0D /* SimpleUnitTests */;
			targetProxy = A5C9CFA22265FDAA00264A0D /* PBXContainerItemProxy */;
		};
		A5C9CFAE2265FDAA00264A0D /* PBXTargetDependency */ = {
			isa = PBXTargetDependency;
			target = A5C9CF882265FDA600264A0D /* SimpleUnitTests */;
			targetProxy = A5C9CFAD2265FDAA00264A0D /* PBXContainerItemProxy */;
		};
		EE531405228141F3002F5E03 /* PBXTargetDependency */ = {
			isa = PBXTargetDependency;
			target = EE5313FE228141F2002F5E03 /* frame */;
			targetProxy = EE531404228141F3002F5E03 /* PBXContainerItemProxy */;
		};
/* End PBXTargetDependency section */

/* Begin PBXVariantGroup section */
		A5C9CF922265FDA600264A0D /* Main.storyboard */ = {
			isa = PBXVariantGroup;
			children = (
				A5C9CF932265FDA600264A0D /* Base */,
			);
			name = Main.storyboard;
			sourceTree = "<group>";
		};
		A5C9CF972265FDA900264A0D /* LaunchScreen.storyboard */ = {
			isa = PBXVariantGroup;
			children = (
				A5C9CF982265FDA900264A0D /* Base */,
			);
			name = LaunchScreen.storyboard;
			sourceTree = "<group>";
		};
/* End PBXVariantGroup section */

/* Begin XCBuildConfiguration section */
		A5C9CFB32265FDAA00264A0D /* Debug */ = {
			isa = XCBuildConfiguration;
			buildSettings = {
				ALWAYS_SEARCH_USER_PATHS = NO;
				CLANG_ANALYZER_NONNULL = YES;
				CLANG_ANALYZER_NUMBER_OBJECT_CONVERSION = YES_AGGRESSIVE;
				CLANG_CXX_LANGUAGE_STANDARD = "gnu++14";
				CLANG_CXX_LIBRARY = "libc++";
				CLANG_ENABLE_MODULES = YES;
				CLANG_ENABLE_OBJC_ARC = YES;
				CLANG_ENABLE_OBJC_WEAK = YES;
				CLANG_WARN_BLOCK_CAPTURE_AUTORELEASING = YES;
				CLANG_WARN_BOOL_CONVERSION = YES;
				CLANG_WARN_COMMA = YES;
				CLANG_WARN_CONSTANT_CONVERSION = YES;
				CLANG_WARN_DEPRECATED_OBJC_IMPLEMENTATIONS = YES;
				CLANG_WARN_DIRECT_OBJC_ISA_USAGE = YES_ERROR;
				CLANG_WARN_DOCUMENTATION_COMMENTS = YES;
				CLANG_WARN_EMPTY_BODY = YES;
				CLANG_WARN_ENUM_CONVERSION = YES;
				CLANG_WARN_INFINITE_RECURSION = YES;
				CLANG_WARN_INT_CONVERSION = YES;
				CLANG_WARN_NON_LITERAL_NULL_CONVERSION = YES;
				CLANG_WARN_OBJC_IMPLICIT_RETAIN_SELF = YES;
				CLANG_WARN_OBJC_LITERAL_CONVERSION = YES;
				CLANG_WARN_OBJC_ROOT_CLASS = YES_ERROR;
				CLANG_WARN_RANGE_LOOP_ANALYSIS = YES;
				CLANG_WARN_STRICT_PROTOTYPES = YES;
				CLANG_WARN_SUSPICIOUS_MOVE = YES;
				CLANG_WARN_UNGUARDED_AVAILABILITY = YES_AGGRESSIVE;
				CLANG_WARN_UNREACHABLE_CODE = YES;
				CLANG_WARN__DUPLICATE_METHOD_MATCH = YES;
				CODE_SIGN_IDENTITY = "iPhone Developer";
				COPY_PHASE_STRIP = NO;
				DEBUG_INFORMATION_FORMAT = dwarf;
				ENABLE_STRICT_OBJC_MSGSEND = YES;
				ENABLE_TESTABILITY = YES;
				GCC_C_LANGUAGE_STANDARD = gnu11;
				GCC_DYNAMIC_NO_PIC = NO;
				GCC_NO_COMMON_BLOCKS = YES;
				GCC_OPTIMIZATION_LEVEL = 0;
				GCC_PREPROCESSOR_DEFINITIONS = (
					"DEBUG=1",
					"$(inherited)",
				);
				GCC_WARN_64_TO_32_BIT_CONVERSION = YES;
				GCC_WARN_ABOUT_RETURN_TYPE = YES_ERROR;
				GCC_WARN_UNDECLARED_SELECTOR = YES;
				GCC_WARN_UNINITIALIZED_AUTOS = YES_AGGRESSIVE;
				GCC_WARN_UNUSED_FUNCTION = YES;
				GCC_WARN_UNUSED_VARIABLE = YES;
				IPHONEOS_DEPLOYMENT_TARGET = 12.1;
				MTL_ENABLE_DEBUG_INFO = INCLUDE_SOURCE;
				MTL_FAST_MATH = YES;
				ONLY_ACTIVE_ARCH = YES;
				SDKROOT = iphoneos;
			};
			name = Debug;
		};
		A5C9CFB42265FDAA00264A0D /* Release */ = {
			isa = XCBuildConfiguration;
			buildSettings = {
				ALWAYS_SEARCH_USER_PATHS = NO;
				CLANG_ANALYZER_NONNULL = YES;
				CLANG_ANALYZER_NUMBER_OBJECT_CONVERSION = YES_AGGRESSIVE;
				CLANG_CXX_LANGUAGE_STANDARD = "gnu++14";
				CLANG_CXX_LIBRARY = "libc++";
				CLANG_ENABLE_MODULES = YES;
				CLANG_ENABLE_OBJC_ARC = YES;
				CLANG_ENABLE_OBJC_WEAK = YES;
				CLANG_WARN_BLOCK_CAPTURE_AUTORELEASING = YES;
				CLANG_WARN_BOOL_CONVERSION = YES;
				CLANG_WARN_COMMA = YES;
				CLANG_WARN_CONSTANT_CONVERSION = YES;
				CLANG_WARN_DEPRECATED_OBJC_IMPLEMENTATIONS = YES;
				CLANG_WARN_DIRECT_OBJC_ISA_USAGE = YES_ERROR;
				CLANG_WARN_DOCUMENTATION_COMMENTS = YES;
				CLANG_WARN_EMPTY_BODY = YES;
				CLANG_WARN_ENUM_CONVERSION = YES;
				CLANG_WARN_INFINITE_RECURSION = YES;
				CLANG_WARN_INT_CONVERSION = YES;
				CLANG_WARN_NON_LITERAL_NULL_CONVERSION = YES;
				CLANG_WARN_OBJC_IMPLICIT_RETAIN_SELF = YES;
				CLANG_WARN_OBJC_LITERAL_CONVERSION = YES;
				CLANG_WARN_OBJC_ROOT_CLASS = YES_ERROR;
				CLANG_WARN_RANGE_LOOP_ANALYSIS = YES;
				CLANG_WARN_STRICT_PROTOTYPES = YES;
				CLANG_WARN_SUSPICIOUS_MOVE = YES;
				CLANG_WARN_UNGUARDED_AVAILABILITY = YES_AGGRESSIVE;
				CLANG_WARN_UNREACHABLE_CODE = YES;
				CLANG_WARN__DUPLICATE_METHOD_MATCH = YES;
				CODE_SIGN_IDENTITY = "iPhone Developer";
				COPY_PHASE_STRIP = NO;
				DEBUG_INFORMATION_FORMAT = "dwarf-with-dsym";
				ENABLE_NS_ASSERTIONS = NO;
				ENABLE_STRICT_OBJC_MSGSEND = YES;
				GCC_C_LANGUAGE_STANDARD = gnu11;
				GCC_NO_COMMON_BLOCKS = YES;
				GCC_WARN_64_TO_32_BIT_CONVERSION = YES;
				GCC_WARN_ABOUT_RETURN_TYPE = YES_ERROR;
				GCC_WARN_UNDECLARED_SELECTOR = YES;
				GCC_WARN_UNINITIALIZED_AUTOS = YES_AGGRESSIVE;
				GCC_WARN_UNUSED_FUNCTION = YES;
				GCC_WARN_UNUSED_VARIABLE = YES;
				IPHONEOS_DEPLOYMENT_TARGET = 12.1;
				MTL_ENABLE_DEBUG_INFO = NO;
				MTL_FAST_MATH = YES;
				SDKROOT = iphoneos;
				VALIDATE_PRODUCT = YES;
			};
			name = Release;
		};
		A5C9CFB62265FDAA00264A0D /* Debug */ = {
			isa = XCBuildConfiguration;
			buildSettings = {
				ASSETCATALOG_COMPILER_APPICON_NAME = AppIcon;
				CODE_SIGN_STYLE = Automatic;
				DEVELOPMENT_TEAM = PU5CP57746;
				INFOPLIST_FILE = SimpleUnitTests/Info.plist;
				LD_RUNPATH_SEARCH_PATHS = (
					"$(inherited)",
					"@executable_path/Frameworks",
				);
				PRODUCT_BUNDLE_IDENTIFIER = fgy.SimpleUnitTests;
				PRODUCT_NAME = "$(TARGET_NAME)";
				TARGETED_DEVICE_FAMILY = "1,2";
			};
			name = Debug;
		};
		A5C9CFB72265FDAA00264A0D /* Release */ = {
			isa = XCBuildConfiguration;
			buildSettings = {
				ASSETCATALOG_COMPILER_APPICON_NAME = AppIcon;
				CODE_SIGN_STYLE = Automatic;
				DEVELOPMENT_TEAM = PU5CP57746;
				INFOPLIST_FILE = SimpleUnitTests/Info.plist;
				LD_RUNPATH_SEARCH_PATHS = (
					"$(inherited)",
					"@executable_path/Frameworks",
				);
				PRODUCT_BUNDLE_IDENTIFIER = fgy.SimpleUnitTests;
				PRODUCT_NAME = "$(TARGET_NAME)";
				TARGETED_DEVICE_FAMILY = "1,2";
			};
			name = Release;
		};
		A5C9CFB92265FDAA00264A0D /* Debug */ = {
			isa = XCBuildConfiguration;
			buildSettings = {
				BUNDLE_LOADER = "$(TEST_HOST)";
				CODE_SIGN_STYLE = Automatic;
				DEVELOPMENT_TEAM = PU5CP57746;
				INFOPLIST_FILE = SimpleUnitTestsTests/Info.plist;
				LD_RUNPATH_SEARCH_PATHS = (
					"$(inherited)",
					"@executable_path/Frameworks",
					"@loader_path/Frameworks",
				);
				PRODUCT_BUNDLE_IDENTIFIER = fgy.SimpleUnitTestsTests;
				PRODUCT_NAME = "$(TARGET_NAME)";
				TARGETED_DEVICE_FAMILY = "1,2";
				TEST_HOST = "$(BUILT_PRODUCTS_DIR)/SimpleUnitTests.app/SimpleUnitTests";
			};
			name = Debug;
		};
		A5C9CFBA2265FDAA00264A0D /* Release */ = {
			isa = XCBuildConfiguration;
			buildSettings = {
				BUNDLE_LOADER = "$(TEST_HOST)";
				CODE_SIGN_STYLE = Automatic;
				DEVELOPMENT_TEAM = PU5CP57746;
				INFOPLIST_FILE = SimpleUnitTestsTests/Info.plist;
				LD_RUNPATH_SEARCH_PATHS = (
					"$(inherited)",
					"@executable_path/Frameworks",
					"@loader_path/Frameworks",
				);
				PRODUCT_BUNDLE_IDENTIFIER = fgy.SimpleUnitTestsTests;
				PRODUCT_NAME = "$(TARGET_NAME)";
				TARGETED_DEVICE_FAMILY = "1,2";
				TEST_HOST = "$(BUILT_PRODUCTS_DIR)/SimpleUnitTests.app/SimpleUnitTests";
			};
			name = Release;
		};
		A5C9CFBC2265FDAA00264A0D /* Debug */ = {
			isa = XCBuildConfiguration;
			buildSettings = {
				CODE_SIGN_STYLE = Automatic;
				DEVELOPMENT_TEAM = PU5CP57746;
				INFOPLIST_FILE = SimpleUnitTestsUITests/Info.plist;
				LD_RUNPATH_SEARCH_PATHS = (
					"$(inherited)",
					"@executable_path/Frameworks",
					"@loader_path/Frameworks",
				);
				PRODUCT_BUNDLE_IDENTIFIER = fgy.SimpleUnitTestsUITests;
				PRODUCT_NAME = "$(TARGET_NAME)";
				TARGETED_DEVICE_FAMILY = "1,2";
				TEST_TARGET_NAME = SimpleUnitTests;
			};
			name = Debug;
		};
		A5C9CFBD2265FDAA00264A0D /* Release */ = {
			isa = XCBuildConfiguration;
			buildSettings = {
				CODE_SIGN_STYLE = Automatic;
				DEVELOPMENT_TEAM = PU5CP57746;
				INFOPLIST_FILE = SimpleUnitTestsUITests/Info.plist;
				LD_RUNPATH_SEARCH_PATHS = (
					"$(inherited)",
					"@executable_path/Frameworks",
					"@loader_path/Frameworks",
				);
				PRODUCT_BUNDLE_IDENTIFIER = fgy.SimpleUnitTestsUITests;
				PRODUCT_NAME = "$(TARGET_NAME)";
				TARGETED_DEVICE_FAMILY = "1,2";
				TEST_TARGET_NAME = SimpleUnitTests;
			};
			name = Release;
		};
		EE531409228141F3002F5E03 /* Debug */ = {
			isa = XCBuildConfiguration;
			buildSettings = {
				CODE_SIGN_IDENTITY = "";
				CODE_SIGN_STYLE = Automatic;
				CURRENT_PROJECT_VERSION = 1;
				DEFINES_MODULE = YES;
				DEVELOPMENT_TEAM = PU5CP57746;
				DYLIB_COMPATIBILITY_VERSION = 1;
				DYLIB_CURRENT_VERSION = 1;
				DYLIB_INSTALL_NAME_BASE = "@rpath";
				INFOPLIST_FILE = frame/Info.plist;
				INSTALL_PATH = "$(LOCAL_LIBRARY_DIR)/Frameworks";
				IPHONEOS_DEPLOYMENT_TARGET = 10.0;
				LD_RUNPATH_SEARCH_PATHS = (
					"$(inherited)",
					"@executable_path/Frameworks",
					"@loader_path/Frameworks",
				);
				MACH_O_TYPE = staticlib;
				ONLY_ACTIVE_ARCH = NO;
				PRODUCT_BUNDLE_IDENTIFIER = FY.frame;
				PRODUCT_NAME = "$(TARGET_NAME:c99extidentifier)";
				SKIP_INSTALL = YES;
				TARGETED_DEVICE_FAMILY = "1,2";
				VERSIONING_SYSTEM = "apple-generic";
				VERSION_INFO_PREFIX = "";
			};
			name = Debug;
		};
		EE53140A228141F3002F5E03 /* Release */ = {
			isa = XCBuildConfiguration;
			buildSettings = {
				CODE_SIGN_IDENTITY = "";
				CODE_SIGN_STYLE = Automatic;
				CURRENT_PROJECT_VERSION = 1;
				DEFINES_MODULE = YES;
				DEVELOPMENT_TEAM = PU5CP57746;
				DYLIB_COMPATIBILITY_VERSION = 1;
				DYLIB_CURRENT_VERSION = 1;
				DYLIB_INSTALL_NAME_BASE = "@rpath";
				INFOPLIST_FILE = frame/Info.plist;
				INSTALL_PATH = "$(LOCAL_LIBRARY_DIR)/Frameworks";
				IPHONEOS_DEPLOYMENT_TARGET = 10.0;
				LD_RUNPATH_SEARCH_PATHS = (
					"$(inherited)",
					"@executable_path/Frameworks",
					"@loader_path/Frameworks",
				);
				MACH_O_TYPE = staticlib;
				ONLY_ACTIVE_ARCH = NO;
				PRODUCT_BUNDLE_IDENTIFIER = FY.frame;
				PRODUCT_NAME = "$(TARGET_NAME:c99extidentifier)";
				SKIP_INSTALL = YES;
				TARGETED_DEVICE_FAMILY = "1,2";
				VERSIONING_SYSTEM = "apple-generic";
				VERSION_INFO_PREFIX = "";
			};
			name = Release;
		};
/* End XCBuildConfiguration section */

/* Begin XCConfigurationList section */
		A5C9CF842265FDA600264A0D /* Build configuration list for PBXProject "SimpleUnitTests" */ = {
			isa = XCConfigurationList;
			buildConfigurations = (
				A5C9CFB32265FDAA00264A0D /* Debug */,
				A5C9CFB42265FDAA00264A0D /* Release */,
			);
			defaultConfigurationIsVisible = 0;
			defaultConfigurationName = Release;
		};
		A5C9CFB52265FDAA00264A0D /* Build configuration list for PBXNativeTarget "SimpleUnitTests" */ = {
			isa = XCConfigurationList;
			buildConfigurations = (
				A5C9CFB62265FDAA00264A0D /* Debug */,
				A5C9CFB72265FDAA00264A0D /* Release */,
			);
			defaultConfigurationIsVisible = 0;
			defaultConfigurationName = Release;
		};
		A5C9CFB82265FDAA00264A0D /* Build configuration list for PBXNativeTarget "SimpleUnitTestsTests" */ = {
			isa = XCConfigurationList;
			buildConfigurations = (
				A5C9CFB92265FDAA00264A0D /* Debug */,
				A5C9CFBA2265FDAA00264A0D /* Release */,
			);
			defaultConfigurationIsVisible = 0;
			defaultConfigurationName = Release;
		};
		A5C9CFBB2265FDAA00264A0D /* Build configuration list for PBXNativeTarget "SimpleUnitTestsUITests" */ = {
			isa = XCConfigurationList;
			buildConfigurations = (
				A5C9CFBC2265FDAA00264A0D /* Debug */,
				A5C9CFBD2265FDAA00264A0D /* Release */,
			);
			defaultConfigurationIsVisible = 0;
			defaultConfigurationName = Release;
		};
		EE531408228141F3002F5E03 /* Build configuration list for PBXNativeTarget "frame" */ = {
			isa = XCConfigurationList;
			buildConfigurations = (
				EE531409228141F3002F5E03 /* Debug */,
				EE53140A228141F3002F5E03 /* Release */,
			);
			defaultConfigurationIsVisible = 0;
			defaultConfigurationName = Release;
		};
/* End XCConfigurationList section */
	};
	rootObject = A5C9CF812265FDA600264A0D /* Project object */;
}
