// !$*UTF8*$!
{
	archiveVersion = 1;
	classes = {
	};
	objectVersion = 50;
	objects = {

/* Begin PBXBuildFile section */
		EE56BA5E22968BDE00F7F005 /* AppDelegate.m in Sources */ = {isa = PBXBuildFile; fileRef = EE56BA5D22968BDE00F7F005 /* AppDelegate.m */; };
		EE56BA6122968BDE00F7F005 /* ViewController.m in Sources */ = {isa = PBXBuildFile; fileRef = EE56BA6022968BDE00F7F005 /* ViewController.m */; };
		EE56BA6422968BDE00F7F005 /* Main.storyboard in Resources */ = {isa = PBXBuildFile; fileRef = EE56BA6222968BDE00F7F005 /* Main.storyboard */; };
		EE56BA6622968BDF00F7F005 /* Assets.xcassets in Resources */ = {isa = PBXBuildFile; fileRef = EE56BA6522968BDF00F7F005 /* Assets.xcassets */; };
		EE56BA6922968BDF00F7F005 /* LaunchScreen.storyboard in Resources */ = {isa = PBXBuildFile; fileRef = EE56BA6722968BDF00F7F005 /* LaunchScreen.storyboard */; };
		EE56BA6C22968BDF00F7F005 /* main.m in Sources */ = {isa = PBXBuildFile; fileRef = EE56BA6B22968BDF00F7F005 /* main.m */; };
		EE56BA7A22968FDB00F7F005 /* UIViewController+add.m in Sources */ = {isa = PBXBuildFile; fileRef = EE56BA7922968FDB00F7F005 /* UIViewController+add.m */; };
		EE56BA7D22969EE100F7F005 /* ViewController2.m in Sources */ = {isa = PBXBuildFile; fileRef = EE56BA7C22969EE100F7F005 /* ViewController2.m */; };
		EE56BA802296A46000F7F005 /* AOPViewController.m in Sources */ = {isa = PBXBuildFile; fileRef = EE56BA7F2296A46000F7F005 /* AOPViewController.m */; };
/* End PBXBuildFile section */

/* Begin PBXFileReference section */
		EE56BA5922968BDE00F7F005 /* FYRuntimeAOP.app */ = {isa = PBXFileReference; explicitFileType = wrapper.application; includeInIndex = 0; path = FYRuntimeAOP.app; sourceTree = BUILT_PRODUCTS_DIR; };
		EE56BA5C22968BDE00F7F005 /* AppDelegate.h */ = {isa = PBXFileReference; lastKnownFileType = sourcecode.c.h; path = AppDelegate.h; sourceTree = "<group>"; };
		EE56BA5D22968BDE00F7F005 /* AppDelegate.m */ = {isa = PBXFileReference; lastKnownFileType = sourcecode.c.objc; path = AppDelegate.m; sourceTree = "<group>"; };
		EE56BA5F22968BDE00F7F005 /* ViewController.h */ = {isa = PBXFileReference; lastKnownFileType = sourcecode.c.h; path = ViewController.h; sourceTree = "<group>"; };
		EE56BA6022968BDE00F7F005 /* ViewController.m */ = {isa = PBXFileReference; lastKnownFileType = sourcecode.c.objc; path = ViewController.m; sourceTree = "<group>"; };
		EE56BA6322968BDE00F7F005 /* Base */ = {isa = PBXFileReference; lastKnownFileType = file.storyboard; name = Base; path = Base.lproj/Main.storyboard; sourceTree = "<group>"; };
		EE56BA6522968BDF00F7F005 /* Assets.xcassets */ = {isa = PBXFileReference; lastKnownFileType = folder.assetcatalog; path = Assets.xcassets; sourceTree = "<group>"; };
		EE56BA6822968BDF00F7F005 /* Base */ = {isa = PBXFileReference; lastKnownFileType = file.storyboard; name = Base; path = Base.lproj/LaunchScreen.storyboard; sourceTree = "<group>"; };
		EE56BA6A22968BDF00F7F005 /* Info.plist */ = {isa = PBXFileReference; lastKnownFileType = text.plist.xml; path = Info.plist; sourceTree = "<group>"; };
		EE56BA6B22968BDF00F7F005 /* main.m */ = {isa = PBXFileReference; lastKnownFileType = sourcecode.c.objc; path = main.m; sourceTree = "<group>"; };
		EE56BA7822968FDB00F7F005 /* UIViewController+add.h */ = {isa = PBXFileReference; lastKnownFileType = sourcecode.c.h; path = "UIViewController+add.h"; sourceTree = "<group>"; };
		EE56BA7922968FDB00F7F005 /* UIViewController+add.m */ = {isa = PBXFileReference; lastKnownFileType = sourcecode.c.objc; path = "UIViewController+add.m"; sourceTree = "<group>"; };
		EE56BA7B22969EE100F7F005 /* ViewController2.h */ = {isa = PBXFileReference; lastKnownFileType = sourcecode.c.h; path = ViewController2.h; sourceTree = "<group>"; };
		EE56BA7C22969EE100F7F005 /* ViewController2.m */ = {isa = PBXFileReference; lastKnownFileType = sourcecode.c.objc; path = ViewController2.m; sourceTree = "<group>"; };
		EE56BA7E2296A46000F7F005 /* AOPViewController.h */ = {isa = PBXFileReference; lastKnownFileType = sourcecode.c.h; path = AOPViewController.h; sourceTree = "<group>"; };
		EE56BA7F2296A46000F7F005 /* AOPViewController.m */ = {isa = PBXFileReference; lastKnownFileType = sourcecode.c.objc; path = AOPViewController.m; sourceTree = "<group>"; };
/* End PBXFileReference section */

/* Begin PBXFrameworksBuildPhase section */
		EE56BA5622968BDE00F7F005 /* Frameworks */ = {
			isa = PBXFrameworksBuildPhase;
			buildActionMask = 2147483647;
			files = (
			);
			runOnlyForDeploymentPostprocessing = 0;
		};
/* End PBXFrameworksBuildPhase section */

/* Begin PBXGroup section */
		EE56BA5022968BDE00F7F005 = {
			isa = PBXGroup;
			children = (
				EE56BA5B22968BDE00F7F005 /* FYRuntimeAOP */,
				EE56BA5A22968BDE00F7F005 /* Products */,
			);
			sourceTree = "<group>";
		};
		EE56BA5A22968BDE00F7F005 /* Products */ = {
			isa = PBXGroup;
			children = (
				EE56BA5922968BDE00F7F005 /* FYRuntimeAOP.app */,
			);
			name = Products;
			sourceTree = "<group>";
		};
		EE56BA5B22968BDE00F7F005 /* FYRuntimeAOP */ = {
			isa = PBXGroup;
			children = (
				EE56BA5C22968BDE00F7F005 /* AppDelegate.h */,
				EE56BA5D22968BDE00F7F005 /* AppDelegate.m */,
				EE56BA5F22968BDE00F7F005 /* ViewController.h */,
				EE56BA6022968BDE00F7F005 /* ViewController.m */,
				EE56BA7B22969EE100F7F005 /* ViewController2.h */,
				EE56BA7C22969EE100F7F005 /* ViewController2.m */,
				EE56BA7E2296A46000F7F005 /* AOPViewController.h */,
				EE56BA7F2296A46000F7F005 /* AOPViewController.m */,
				EE56BA7822968FDB00F7F005 /* UIViewController+add.h */,
				EE56BA7922968FDB00F7F005 /* UIViewController+add.m */,
				EE56BA6222968BDE00F7F005 /* Main.storyboard */,
				EE56BA6522968BDF00F7F005 /* Assets.xcassets */,
				EE56BA6722968BDF00F7F005 /* LaunchScreen.storyboard */,
				EE56BA6A22968BDF00F7F005 /* Info.plist */,
				EE56BA6B22968BDF00F7F005 /* main.m */,
			);
			path = FYRuntimeAOP;
			sourceTree = "<group>";
		};
/* End PBXGroup section */

/* Begin PBXNativeTarget section */
		EE56BA5822968BDE00F7F005 /* FYRuntimeAOP */ = {
			isa = PBXNativeTarget;
			buildConfigurationList = EE56BA6F22968BDF00F7F005 /* Build configuration list for PBXNativeTarget "FYRuntimeAOP" */;
			buildPhases = (
				EE56BA5522968BDE00F7F005 /* Sources */,
				EE56BA5622968BDE00F7F005 /* Frameworks */,
				EE56BA5722968BDE00F7F005 /* Resources */,
			);
			buildRules = (
			);
			dependencies = (
			);
			name = FYRuntimeAOP;
			productName = FYRuntimeAOP;
			productReference = EE56BA5922968BDE00F7F005 /* FYRuntimeAOP.app */;
			productType = "com.apple.product-type.application";
		};
/* End PBXNativeTarget section */

/* Begin PBXProject section */
		EE56BA5122968BDE00F7F005 /* Project object */ = {
			isa = PBXProject;
			attributes = {
				LastUpgradeCheck = 1020;
				ORGANIZATIONNAME = www.fgyong.cn;
				TargetAttributes = {
					EE56BA5822968BDE00F7F005 = {
						CreatedOnToolsVersion = 10.2.1;
					};
				};
			};
			buildConfigurationList = EE56BA5422968BDE00F7F005 /* Build configuration list for PBXProject "FYRuntimeAOP" */;
			compatibilityVersion = "Xcode 9.3";
			developmentRegion = en;
			hasScannedForEncodings = 0;
			knownRegions = (
				en,
				Base,
			);
			mainGroup = EE56BA5022968BDE00F7F005;
			productRefGroup = EE56BA5A22968BDE00F7F005 /* Products */;
			projectDirPath = "";
			projectRoot = "";
			targets = (
				EE56BA5822968BDE00F7F005 /* FYRuntimeAOP */,
			);
		};
/* End PBXProject section */

/* Begin PBXResourcesBuildPhase section */
		EE56BA5722968BDE00F7F005 /* Resources */ = {
			isa = PBXResourcesBuildPhase;
			buildActionMask = 2147483647;
			files = (
				EE56BA6922968BDF00F7F005 /* LaunchScreen.storyboard in Resources */,
				EE56BA6622968BDF00F7F005 /* Assets.xcassets in Resources */,
				EE56BA6422968BDE00F7F005 /* Main.storyboard in Resources */,
			);
			runOnlyForDeploymentPostprocessing = 0;
		};
/* End PBXResourcesBuildPhase section */

/* Begin PBXSourcesBuildPhase section */
		EE56BA5522968BDE00F7F005 /* Sources */ = {
			isa = PBXSourcesBuildPhase;
			buildActionMask = 2147483647;
			files = (
				EE56BA6122968BDE00F7F005 /* ViewController.m in Sources */,
				EE56BA802296A46000F7F005 /* AOPViewController.m in Sources */,
				EE56BA6C22968BDF00F7F005 /* main.m in Sources */,
				EE56BA7D22969EE100F7F005 /* ViewController2.m in Sources */,
				EE56BA7A22968FDB00F7F005 /* UIViewController+add.m in Sources */,
				EE56BA5E22968BDE00F7F005 /* AppDelegate.m in Sources */,
			);
			runOnlyForDeploymentPostprocessing = 0;
		};
/* End PBXSourcesBuildPhase section */

/* Begin PBXVariantGroup section */
		EE56BA6222968BDE00F7F005 /* Main.storyboard */ = {
			isa = PBXVariantGroup;
			children = (
				EE56BA6322968BDE00F7F005 /* Base */,
			);
			name = Main.storyboard;
			sourceTree = "<group>";
		};
		EE56BA6722968BDF00F7F005 /* LaunchScreen.storyboard */ = {
			isa = PBXVariantGroup;
			children = (
				EE56BA6822968BDF00F7F005 /* Base */,
			);
			name = LaunchScreen.storyboard;
			sourceTree = "<group>";
		};
/* End PBXVariantGroup section */

/* Begin XCBuildConfiguration section */
		EE56BA6D22968BDF00F7F005 /* Debug */ = {
			isa = XCBuildConfiguration;
			buildSettings = {
				ALWAYS_SEARCH_USER_PATHS = NO;
				CLANG_ANALYZER_NONNULL = YES;
				CLANG_ANALYZER_NUMBER_OBJECT_CONVERSION = YES_AGGRESSIVE;
				CLANG_CXX_LANGUAGE_STANDARD = "gnu++14";
				CLANG_CXX_LIBRARY = "libc++";
				CLANG_ENABLE_MODULES = YES;
				CLANG_ENABLE_OBJC_ARC = YES;
				CLANG_ENABLE_OBJC_WEAK = YES;
				CLANG_WARN_BLOCK_CAPTURE_AUTORELEASING = YES;
				CLANG_WARN_BOOL_CONVERSION = YES;
				CLANG_WARN_COMMA = YES;
				CLANG_WARN_CONSTANT_CONVERSION = YES;
				CLANG_WARN_DEPRECATED_OBJC_IMPLEMENTATIONS = YES;
				CLANG_WARN_DIRECT_OBJC_ISA_USAGE = YES_ERROR;
				CLANG_WARN_DOCUMENTATION_COMMENTS = YES;
				CLANG_WARN_EMPTY_BODY = YES;
				CLANG_WARN_ENUM_CONVERSION = YES;
				CLANG_WARN_INFINITE_RECURSION = YES;
				CLANG_WARN_INT_CONVERSION = YES;
				CLANG_WARN_NON_LITERAL_NULL_CONVERSION = YES;
				CLANG_WARN_OBJC_IMPLICIT_RETAIN_SELF = YES;
				CLANG_WARN_OBJC_LITERAL_CONVERSION = YES;
				CLANG_WARN_OBJC_ROOT_CLASS = YES_ERROR;
				CLANG_WARN_RANGE_LOOP_ANALYSIS = YES;
				CLANG_WARN_STRICT_PROTOTYPES = YES;
				CLANG_WARN_SUSPICIOUS_MOVE = YES;
				CLANG_WARN_UNGUARDED_AVAILABILITY = YES_AGGRESSIVE;
				CLANG_WARN_UNREACHABLE_CODE = YES;
				CLANG_WARN__DUPLICATE_METHOD_MATCH = YES;
				CODE_SIGN_IDENTITY = "iPhone Developer";
				COPY_PHASE_STRIP = NO;
				DEBUG_INFORMATION_FORMAT = dwarf;
				ENABLE_STRICT_OBJC_MSGSEND = YES;
				ENABLE_TESTABILITY = YES;
				GCC_C_LANGUAGE_STANDARD = gnu11;
				GCC_DYNAMIC_NO_PIC = NO;
				GCC_NO_COMMON_BLOCKS = YES;
				GCC_OPTIMIZATION_LEVEL = 0;
				GCC_PREPROCESSOR_DEFINITIONS = (
					"DEBUG=1",
					"$(inherited)",
				);
				GCC_WARN_64_TO_32_BIT_CONVERSION = YES;
				GCC_WARN_ABOUT_RETURN_TYPE = YES_ERROR;
				GCC_WARN_UNDECLARED_SELECTOR = YES;
				GCC_WARN_UNINITIALIZED_AUTOS = YES_AGGRESSIVE;
				GCC_WARN_UNUSED_FUNCTION = YES;
				GCC_WARN_UNUSED_VARIABLE = YES;
				IPHONEOS_DEPLOYMENT_TARGET = 12.2;
				MTL_ENABLE_DEBUG_INFO = INCLUDE_SOURCE;
				MTL_FAST_MATH = YES;
				ONLY_ACTIVE_ARCH = YES;
				SDKROOT = iphoneos;
			};
			name = Debug;
		};
		EE56BA6E22968BDF00F7F005 /* Release */ = {
			isa = XCBuildConfiguration;
			buildSettings = {
				ALWAYS_SEARCH_USER_PATHS = NO;
				CLANG_ANALYZER_NONNULL = YES;
				CLANG_ANALYZER_NUMBER_OBJECT_CONVERSION = YES_AGGRESSIVE;
				CLANG_CXX_LANGUAGE_STANDARD = "gnu++14";
				CLANG_CXX_LIBRARY = "libc++";
				CLANG_ENABLE_MODULES = YES;
				CLANG_ENABLE_OBJC_ARC = YES;
				CLANG_ENABLE_OBJC_WEAK = YES;
				CLANG_WARN_BLOCK_CAPTURE_AUTORELEASING = YES;
				CLANG_WARN_BOOL_CONVERSION = YES;
				CLANG_WARN_COMMA = YES;
				CLANG_WARN_CONSTANT_CONVERSION = YES;
				CLANG_WARN_DEPRECATED_OBJC_IMPLEMENTATIONS = YES;
				CLANG_WARN_DIRECT_OBJC_ISA_USAGE = YES_ERROR;
				CLANG_WARN_DOCUMENTATION_COMMENTS = YES;
				CLANG_WARN_EMPTY_BODY = YES;
				CLANG_WARN_ENUM_CONVERSION = YES;
				CLANG_WARN_INFINITE_RECURSION = YES;
				CLANG_WARN_INT_CONVERSION = YES;
				CLANG_WARN_NON_LITERAL_NULL_CONVERSION = YES;
				CLANG_WARN_OBJC_IMPLICIT_RETAIN_SELF = YES;
				CLANG_WARN_OBJC_LITERAL_CONVERSION = YES;
				CLANG_WARN_OBJC_ROOT_CLASS = YES_ERROR;
				CLANG_WARN_RANGE_LOOP_ANALYSIS = YES;
				CLANG_WARN_STRICT_PROTOTYPES = YES;
				CLANG_WARN_SUSPICIOUS_MOVE = YES;
				CLANG_WARN_UNGUARDED_AVAILABILITY = YES_AGGRESSIVE;
				CLANG_WARN_UNREACHABLE_CODE = YES;
				CLANG_WARN__DUPLICATE_METHOD_MATCH = YES;
				CODE_SIGN_IDENTITY = "iPhone Developer";
				COPY_PHASE_STRIP = NO;
				DEBUG_INFORMATION_FORMAT = "dwarf-with-dsym";
				ENABLE_NS_ASSERTIONS = NO;
				ENABLE_STRICT_OBJC_MSGSEND = YES;
				GCC_C_LANGUAGE_STANDARD = gnu11;
				GCC_NO_COMMON_BLOCKS = YES;
				GCC_WARN_64_TO_32_BIT_CONVERSION = YES;
				GCC_WARN_ABOUT_RETURN_TYPE = YES_ERROR;
				GCC_WARN_UNDECLARED_SELECTOR = YES;
				GCC_WARN_UNINITIALIZED_AUTOS = YES_AGGRESSIVE;
				GCC_WARN_UNUSED_FUNCTION = YES;
				GCC_WARN_UNUSED_VARIABLE = YES;
				IPHONEOS_DEPLOYMENT_TARGET = 12.2;
				MTL_ENABLE_DEBUG_INFO = NO;
				MTL_FAST_MATH = YES;
				SDKROOT = iphoneos;
				VALIDATE_PRODUCT = YES;
			};
			name = Release;
		};
		EE56BA7022968BDF00F7F005 /* Debug */ = {
			isa = XCBuildConfiguration;
			buildSettings = {
				ASSETCATALOG_COMPILER_APPICON_NAME = AppIcon;
				CODE_SIGN_STYLE = Automatic;
				DEVELOPMENT_TEAM = PU5CP57746;
				INFOPLIST_FILE = FYRuntimeAOP/Info.plist;
				IPHONEOS_DEPLOYMENT_TARGET = 11.0;
				LD_RUNPATH_SEARCH_PATHS = (
					"$(inherited)",
					"@executable_path/Frameworks",
				);
				PRODUCT_BUNDLE_IDENTIFIER = FY.FYRuntimeAOP;
				PRODUCT_NAME = "$(TARGET_NAME)";
				TARGETED_DEVICE_FAMILY = "1,2";
			};
			name = Debug;
		};
		EE56BA7122968BDF00F7F005 /* Release */ = {
			isa = XCBuildConfiguration;
			buildSettings = {
				ASSETCATALOG_COMPILER_APPICON_NAME = AppIcon;
				CODE_SIGN_STYLE = Automatic;
				DEVELOPMENT_TEAM = PU5CP57746;
				INFOPLIST_FILE = FYRuntimeAOP/Info.plist;
				IPHONEOS_DEPLOYMENT_TARGET = 11.0;
				LD_RUNPATH_SEARCH_PATHS = (
					"$(inherited)",
					"@executable_path/Frameworks",
				);
				PRODUCT_BUNDLE_IDENTIFIER = FY.FYRuntimeAOP;
				PRODUCT_NAME = "$(TARGET_NAME)";
				TARGETED_DEVICE_FAMILY = "1,2";
			};
			name = Release;
		};
/* End XCBuildConfiguration section */

/* Begin XCConfigurationList section */
		EE56BA5422968BDE00F7F005 /* Build configuration list for PBXProject "FYRuntimeAOP" */ = {
			isa = XCConfigurationList;
			buildConfigurations = (
				EE56BA6D22968BDF00F7F005 /* Debug */,
				EE56BA6E22968BDF00F7F005 /* Release */,
			);
			defaultConfigurationIsVisible = 0;
			defaultConfigurationName = Release;
		};
		EE56BA6F22968BDF00F7F005 /* Build configuration list for PBXNativeTarget "FYRuntimeAOP" */ = {
			isa = XCConfigurationList;
			buildConfigurations = (
				EE56BA7022968BDF00F7F005 /* Debug */,
				EE56BA7122968BDF00F7F005 /* Release */,
			);
			defaultConfigurationIsVisible = 0;
			defaultConfigurationName = Release;
		};
/* End XCConfigurationList section */
	};
	rootObject = EE56BA5122968BDE00F7F005 /* Project object */;
}
