// !$*UTF8*$!
{
	archiveVersion = 1;
	classes = {
	};
	objectVersion = 50;
	objects = {

/* Begin PBXBuildFile section */
		EECB9FB12390EA200096B7E1 /* 1.jpg in Resources */ = {isa = PBXBuildFile; fileRef = EECB9FB02390EA1F0096B7E1 /* 1.jpg */; };
		EECB9FB32390EB690096B7E1 /* 2.JPG in Resources */ = {isa = PBXBuildFile; fileRef = EECB9FB22390EB690096B7E1 /* 2.JPG */; };
		EED0A6F6238FCE6A00C85D37 /* AppDelegate.swift in Sources */ = {isa = PBXBuildFile; fileRef = EED0A6F5238FCE6A00C85D37 /* AppDelegate.swift */; };
		EED0A6F8238FCE6A00C85D37 /* SceneDelegate.swift in Sources */ = {isa = PBXBuildFile; fileRef = EED0A6F7238FCE6A00C85D37 /* SceneDelegate.swift */; };
		EED0A6FA238FCE6A00C85D37 /* ViewController.swift in Sources */ = {isa = PBXBuildFile; fileRef = EED0A6F9238FCE6A00C85D37 /* ViewController.swift */; };
		EED0A6FD238FCE6A00C85D37 /* Main.storyboard in Resources */ = {isa = PBXBuildFile; fileRef = EED0A6FB238FCE6A00C85D37 /* Main.storyboard */; };
		EED0A6FF238FCE6B00C85D37 /* Assets.xcassets in Resources */ = {isa = PBXBuildFile; fileRef = EED0A6FE238FCE6B00C85D37 /* Assets.xcassets */; };
		EED0A702238FCE6B00C85D37 /* LaunchScreen.storyboard in Resources */ = {isa = PBXBuildFile; fileRef = EED0A700238FCE6B00C85D37 /* LaunchScreen.storyboard */; };
		EED0A70A238FCEC400C85D37 /* 6.HEIC in Resources */ = {isa = PBXBuildFile; fileRef = EED0A709238FCEC400C85D37 /* 6.HEIC */; };
/* End PBXBuildFile section */

/* Begin PBXFileReference section */
		EECB9FB02390EA1F0096B7E1 /* 1.jpg */ = {isa = PBXFileReference; lastKnownFileType = image.jpeg; path = 1.jpg; sourceTree = "<group>"; };
		EECB9FB22390EB690096B7E1 /* 2.JPG */ = {isa = PBXFileReference; lastKnownFileType = image.jpeg; path = 2.JPG; sourceTree = "<group>"; };
		EED0A6F2238FCE6A00C85D37 /* test-image-优化.app */ = {isa = PBXFileReference; explicitFileType = wrapper.application; includeInIndex = 0; path = "test-image-优化.app"; sourceTree = BUILT_PRODUCTS_DIR; };
		EED0A6F5238FCE6A00C85D37 /* AppDelegate.swift */ = {isa = PBXFileReference; lastKnownFileType = sourcecode.swift; path = AppDelegate.swift; sourceTree = "<group>"; };
		EED0A6F7238FCE6A00C85D37 /* SceneDelegate.swift */ = {isa = PBXFileReference; lastKnownFileType = sourcecode.swift; path = SceneDelegate.swift; sourceTree = "<group>"; };
		EED0A6F9238FCE6A00C85D37 /* ViewController.swift */ = {isa = PBXFileReference; lastKnownFileType = sourcecode.swift; path = ViewController.swift; sourceTree = "<group>"; };
		EED0A6FC238FCE6A00C85D37 /* Base */ = {isa = PBXFileReference; lastKnownFileType = file.storyboard; name = Base; path = Base.lproj/Main.storyboard; sourceTree = "<group>"; };
		EED0A6FE238FCE6B00C85D37 /* Assets.xcassets */ = {isa = PBXFileReference; lastKnownFileType = folder.assetcatalog; path = Assets.xcassets; sourceTree = "<group>"; };
		EED0A701238FCE6B00C85D37 /* Base */ = {isa = PBXFileReference; lastKnownFileType = file.storyboard; name = Base; path = Base.lproj/LaunchScreen.storyboard; sourceTree = "<group>"; };
		EED0A703238FCE6B00C85D37 /* Info.plist */ = {isa = PBXFileReference; lastKnownFileType = text.plist.xml; path = Info.plist; sourceTree = "<group>"; };
		EED0A709238FCEC400C85D37 /* 6.HEIC */ = {isa = PBXFileReference; lastKnownFileType = file; path = 6.HEIC; sourceTree = "<group>"; };
/* End PBXFileReference section */

/* Begin PBXFrameworksBuildPhase section */
		EED0A6EF238FCE6A00C85D37 /* Frameworks */ = {
			isa = PBXFrameworksBuildPhase;
			buildActionMask = 2147483647;
			files = (
			);
			runOnlyForDeploymentPostprocessing = 0;
		};
/* End PBXFrameworksBuildPhase section */

/* Begin PBXGroup section */
		EED0A6E9238FCE6A00C85D37 = {
			isa = PBXGroup;
			children = (
				EED0A6F4238FCE6A00C85D37 /* test-image-优化 */,
				EED0A6F3238FCE6A00C85D37 /* Products */,
			);
			sourceTree = "<group>";
		};
		EED0A6F3238FCE6A00C85D37 /* Products */ = {
			isa = PBXGroup;
			children = (
				EED0A6F2238FCE6A00C85D37 /* test-image-优化.app */,
			);
			name = Products;
			sourceTree = "<group>";
		};
		EED0A6F4238FCE6A00C85D37 /* test-image-优化 */ = {
			isa = PBXGroup;
			children = (
				EED0A6F5238FCE6A00C85D37 /* AppDelegate.swift */,
				EED0A6F7238FCE6A00C85D37 /* SceneDelegate.swift */,
				EED0A6F9238FCE6A00C85D37 /* ViewController.swift */,
				EECB9FB02390EA1F0096B7E1 /* 1.jpg */,
				EECB9FB22390EB690096B7E1 /* 2.JPG */,
				EED0A709238FCEC400C85D37 /* 6.HEIC */,
				EED0A6FB238FCE6A00C85D37 /* Main.storyboard */,
				EED0A6FE238FCE6B00C85D37 /* Assets.xcassets */,
				EED0A700238FCE6B00C85D37 /* LaunchScreen.storyboard */,
				EED0A703238FCE6B00C85D37 /* Info.plist */,
			);
			path = "test-image-优化";
			sourceTree = "<group>";
		};
/* End PBXGroup section */

/* Begin PBXNativeTarget section */
		EED0A6F1238FCE6A00C85D37 /* test-image-优化 */ = {
			isa = PBXNativeTarget;
			buildConfigurationList = EED0A706238FCE6B00C85D37 /* Build configuration list for PBXNativeTarget "test-image-优化" */;
			buildPhases = (
				EED0A6EE238FCE6A00C85D37 /* Sources */,
				EED0A6EF238FCE6A00C85D37 /* Frameworks */,
				EED0A6F0238FCE6A00C85D37 /* Resources */,
			);
			buildRules = (
			);
			dependencies = (
			);
			name = "test-image-优化";
			productName = "test-image-优化";
			productReference = EED0A6F2238FCE6A00C85D37 /* test-image-优化.app */;
			productType = "com.apple.product-type.application";
		};
/* End PBXNativeTarget section */

/* Begin PBXProject section */
		EED0A6EA238FCE6A00C85D37 /* Project object */ = {
			isa = PBXProject;
			attributes = {
				LastSwiftUpdateCheck = 1110;
				LastUpgradeCheck = 1110;
				ORGANIZATIONNAME = www.fgyong.cn;
				TargetAttributes = {
					EED0A6F1238FCE6A00C85D37 = {
						CreatedOnToolsVersion = 11.1;
					};
				};
			};
			buildConfigurationList = EED0A6ED238FCE6A00C85D37 /* Build configuration list for PBXProject "test-image-优化" */;
			compatibilityVersion = "Xcode 9.3";
			developmentRegion = en;
			hasScannedForEncodings = 0;
			knownRegions = (
				en,
				Base,
			);
			mainGroup = EED0A6E9238FCE6A00C85D37;
			productRefGroup = EED0A6F3238FCE6A00C85D37 /* Products */;
			projectDirPath = "";
			projectRoot = "";
			targets = (
				EED0A6F1238FCE6A00C85D37 /* test-image-优化 */,
			);
		};
/* End PBXProject section */

/* Begin PBXResourcesBuildPhase section */
		EED0A6F0238FCE6A00C85D37 /* Resources */ = {
			isa = PBXResourcesBuildPhase;
			buildActionMask = 2147483647;
			files = (
				EECB9FB12390EA200096B7E1 /* 1.jpg in Resources */,
				EED0A702238FCE6B00C85D37 /* LaunchScreen.storyboard in Resources */,
				EECB9FB32390EB690096B7E1 /* 2.JPG in Resources */,
				EED0A6FF238FCE6B00C85D37 /* Assets.xcassets in Resources */,
				EED0A6FD238FCE6A00C85D37 /* Main.storyboard in Resources */,
				EED0A70A238FCEC400C85D37 /* 6.HEIC in Resources */,
			);
			runOnlyForDeploymentPostprocessing = 0;
		};
/* End PBXResourcesBuildPhase section */

/* Begin PBXSourcesBuildPhase section */
		EED0A6EE238FCE6A00C85D37 /* Sources */ = {
			isa = PBXSourcesBuildPhase;
			buildActionMask = 2147483647;
			files = (
				EED0A6FA238FCE6A00C85D37 /* ViewController.swift in Sources */,
				EED0A6F6238FCE6A00C85D37 /* AppDelegate.swift in Sources */,
				EED0A6F8238FCE6A00C85D37 /* SceneDelegate.swift in Sources */,
			);
			runOnlyForDeploymentPostprocessing = 0;
		};
/* End PBXSourcesBuildPhase section */

/* Begin PBXVariantGroup section */
		EED0A6FB238FCE6A00C85D37 /* Main.storyboard */ = {
			isa = PBXVariantGroup;
			children = (
				EED0A6FC238FCE6A00C85D37 /* Base */,
			);
			name = Main.storyboard;
			sourceTree = "<group>";
		};
		EED0A700238FCE6B00C85D37 /* LaunchScreen.storyboard */ = {
			isa = PBXVariantGroup;
			children = (
				EED0A701238FCE6B00C85D37 /* Base */,
			);
			name = LaunchScreen.storyboard;
			sourceTree = "<group>";
		};
/* End PBXVariantGroup section */

/* Begin XCBuildConfiguration section */
		EED0A704238FCE6B00C85D37 /* Debug */ = {
			isa = XCBuildConfiguration;
			buildSettings = {
				ALWAYS_SEARCH_USER_PATHS = NO;
				CLANG_ANALYZER_NONNULL = YES;
				CLANG_ANALYZER_NUMBER_OBJECT_CONVERSION = YES_AGGRESSIVE;
				CLANG_CXX_LANGUAGE_STANDARD = "gnu++14";
				CLANG_CXX_LIBRARY = "libc++";
				CLANG_ENABLE_MODULES = YES;
				CLANG_ENABLE_OBJC_ARC = YES;
				CLANG_ENABLE_OBJC_WEAK = YES;
				CLANG_WARN_BLOCK_CAPTURE_AUTORELEASING = YES;
				CLANG_WARN_BOOL_CONVERSION = YES;
				CLANG_WARN_COMMA = YES;
				CLANG_WARN_CONSTANT_CONVERSION = YES;
				CLANG_WARN_DEPRECATED_OBJC_IMPLEMENTATIONS = YES;
				CLANG_WARN_DIRECT_OBJC_ISA_USAGE = YES_ERROR;
				CLANG_WARN_DOCUMENTATION_COMMENTS = YES;
				CLANG_WARN_EMPTY_BODY = YES;
				CLANG_WARN_ENUM_CONVERSION = YES;
				CLANG_WARN_INFINITE_RECURSION = YES;
				CLANG_WARN_INT_CONVERSION = YES;
				CLANG_WARN_NON_LITERAL_NULL_CONVERSION = YES;
				CLANG_WARN_OBJC_IMPLICIT_RETAIN_SELF = YES;
				CLANG_WARN_OBJC_LITERAL_CONVERSION = YES;
				CLANG_WARN_OBJC_ROOT_CLASS = YES_ERROR;
				CLANG_WARN_RANGE_LOOP_ANALYSIS = YES;
				CLANG_WARN_STRICT_PROTOTYPES = YES;
				CLANG_WARN_SUSPICIOUS_MOVE = YES;
				CLANG_WARN_UNGUARDED_AVAILABILITY = YES_AGGRESSIVE;
				CLANG_WARN_UNREACHABLE_CODE = YES;
				CLANG_WARN__DUPLICATE_METHOD_MATCH = YES;
				COPY_PHASE_STRIP = NO;
				DEBUG_INFORMATION_FORMAT = dwarf;
				ENABLE_STRICT_OBJC_MSGSEND = YES;
				ENABLE_TESTABILITY = YES;
				GCC_C_LANGUAGE_STANDARD = gnu11;
				GCC_DYNAMIC_NO_PIC = NO;
				GCC_NO_COMMON_BLOCKS = YES;
				GCC_OPTIMIZATION_LEVEL = 0;
				GCC_PREPROCESSOR_DEFINITIONS = (
					"DEBUG=1",
					"$(inherited)",
				);
				GCC_WARN_64_TO_32_BIT_CONVERSION = YES;
				GCC_WARN_ABOUT_RETURN_TYPE = YES_ERROR;
				GCC_WARN_UNDECLARED_SELECTOR = YES;
				GCC_WARN_UNINITIALIZED_AUTOS = YES_AGGRESSIVE;
				GCC_WARN_UNUSED_FUNCTION = YES;
				GCC_WARN_UNUSED_VARIABLE = YES;
				IPHONEOS_DEPLOYMENT_TARGET = 13.1;
				MTL_ENABLE_DEBUG_INFO = INCLUDE_SOURCE;
				MTL_FAST_MATH = YES;
				ONLY_ACTIVE_ARCH = YES;
				SDKROOT = iphoneos;
				SWIFT_ACTIVE_COMPILATION_CONDITIONS = DEBUG;
				SWIFT_OPTIMIZATION_LEVEL = "-Onone";
			};
			name = Debug;
		};
		EED0A705238FCE6B00C85D37 /* Release */ = {
			isa = XCBuildConfiguration;
			buildSettings = {
				ALWAYS_SEARCH_USER_PATHS = NO;
				CLANG_ANALYZER_NONNULL = YES;
				CLANG_ANALYZER_NUMBER_OBJECT_CONVERSION = YES_AGGRESSIVE;
				CLANG_CXX_LANGUAGE_STANDARD = "gnu++14";
				CLANG_CXX_LIBRARY = "libc++";
				CLANG_ENABLE_MODULES = YES;
				CLANG_ENABLE_OBJC_ARC = YES;
				CLANG_ENABLE_OBJC_WEAK = YES;
				CLANG_WARN_BLOCK_CAPTURE_AUTORELEASING = YES;
				CLANG_WARN_BOOL_CONVERSION = YES;
				CLANG_WARN_COMMA = YES;
				CLANG_WARN_CONSTANT_CONVERSION = YES;
				CLANG_WARN_DEPRECATED_OBJC_IMPLEMENTATIONS = YES;
				CLANG_WARN_DIRECT_OBJC_ISA_USAGE = YES_ERROR;
				CLANG_WARN_DOCUMENTATION_COMMENTS = YES;
				CLANG_WARN_EMPTY_BODY = YES;
				CLANG_WARN_ENUM_CONVERSION = YES;
				CLANG_WARN_INFINITE_RECURSION = YES;
				CLANG_WARN_INT_CONVERSION = YES;
				CLANG_WARN_NON_LITERAL_NULL_CONVERSION = YES;
				CLANG_WARN_OBJC_IMPLICIT_RETAIN_SELF = YES;
				CLANG_WARN_OBJC_LITERAL_CONVERSION = YES;
				CLANG_WARN_OBJC_ROOT_CLASS = YES_ERROR;
				CLANG_WARN_RANGE_LOOP_ANALYSIS = YES;
				CLANG_WARN_STRICT_PROTOTYPES = YES;
				CLANG_WARN_SUSPICIOUS_MOVE = YES;
				CLANG_WARN_UNGUARDED_AVAILABILITY = YES_AGGRESSIVE;
				CLANG_WARN_UNREACHABLE_CODE = YES;
				CLANG_WARN__DUPLICATE_METHOD_MATCH = YES;
				COPY_PHASE_STRIP = NO;
				DEBUG_INFORMATION_FORMAT = "dwarf-with-dsym";
				ENABLE_NS_ASSERTIONS = NO;
				ENABLE_STRICT_OBJC_MSGSEND = YES;
				GCC_C_LANGUAGE_STANDARD = gnu11;
				GCC_NO_COMMON_BLOCKS = YES;
				GCC_WARN_64_TO_32_BIT_CONVERSION = YES;
				GCC_WARN_ABOUT_RETURN_TYPE = YES_ERROR;
				GCC_WARN_UNDECLARED_SELECTOR = YES;
				GCC_WARN_UNINITIALIZED_AUTOS = YES_AGGRESSIVE;
				GCC_WARN_UNUSED_FUNCTION = YES;
				GCC_WARN_UNUSED_VARIABLE = YES;
				IPHONEOS_DEPLOYMENT_TARGET = 13.1;
				MTL_ENABLE_DEBUG_INFO = NO;
				MTL_FAST_MATH = YES;
				SDKROOT = iphoneos;
				SWIFT_COMPILATION_MODE = wholemodule;
				SWIFT_OPTIMIZATION_LEVEL = "-O";
				VALIDATE_PRODUCT = YES;
			};
			name = Release;
		};
		EED0A707238FCE6B00C85D37 /* Debug */ = {
			isa = XCBuildConfiguration;
			buildSettings = {
				ASSETCATALOG_COMPILER_APPICON_NAME = AppIcon;
				CODE_SIGN_STYLE = Automatic;
				DEVELOPMENT_TEAM = B4ENM74X68;
				INFOPLIST_FILE = "test-image-优化/Info.plist";
				IPHONEOS_DEPLOYMENT_TARGET = 13.0;
				LD_RUNPATH_SEARCH_PATHS = (
					"$(inherited)",
					"@executable_path/Frameworks",
				);
				PRODUCT_BUNDLE_IDENTIFIER = "FY.test-image---";
				PRODUCT_NAME = "$(TARGET_NAME)";
				SWIFT_VERSION = 5.0;
				TARGETED_DEVICE_FAMILY = 1;
			};
			name = Debug;
		};
		EED0A708238FCE6B00C85D37 /* Release */ = {
			isa = XCBuildConfiguration;
			buildSettings = {
				ASSETCATALOG_COMPILER_APPICON_NAME = AppIcon;
				CODE_SIGN_STYLE = Automatic;
				DEVELOPMENT_TEAM = B4ENM74X68;
				INFOPLIST_FILE = "test-image-优化/Info.plist";
				IPHONEOS_DEPLOYMENT_TARGET = 13.0;
				LD_RUNPATH_SEARCH_PATHS = (
					"$(inherited)",
					"@executable_path/Frameworks",
				);
				PRODUCT_BUNDLE_IDENTIFIER = "FY.test-image---";
				PRODUCT_NAME = "$(TARGET_NAME)";
				SWIFT_VERSION = 5.0;
				TARGETED_DEVICE_FAMILY = 1;
			};
			name = Release;
		};
/* End XCBuildConfiguration section */

/* Begin XCConfigurationList section */
		EED0A6ED238FCE6A00C85D37 /* Build configuration list for PBXProject "test-image-优化" */ = {
			isa = XCConfigurationList;
			buildConfigurations = (
				EED0A704238FCE6B00C85D37 /* Debug */,
				EED0A705238FCE6B00C85D37 /* Release */,
			);
			defaultConfigurationIsVisible = 0;
			defaultConfigurationName = Release;
		};
		EED0A706238FCE6B00C85D37 /* Build configuration list for PBXNativeTarget "test-image-优化" */ = {
			isa = XCConfigurationList;
			buildConfigurations = (
				EED0A707238FCE6B00C85D37 /* Debug */,
				EED0A708238FCE6B00C85D37 /* Release */,
			);
			defaultConfigurationIsVisible = 0;
			defaultConfigurationName = Release;
		};
/* End XCConfigurationList section */
	};
	rootObject = EED0A6EA238FCE6A00C85D37 /* Project object */;
}
